// !$*UTF8*$!
{
	archiveVersion = 1;
	classes = {
	};
	objectVersion = 56;
	objects = {

/* Begin PBXBuildFile section */
		267E76741F20AECAE5312E2B /* Pods_JobShift.framework in Frameworks */ = {isa = PBXBuildFile; fileRef = 233EFDE9A8CBFF5CBD760845 /* Pods_JobShift.framework */; };
		540CCAAC2B2DB003008B25CB /* JobEditView.swift in Sources */ = {isa = PBXBuildFile; fileRef = 540CCAAB2B2DB003008B25CB /* JobEditView.swift */; };
		540CCAAE2B2DE9AA008B25CB /* WageAddView.swift in Sources */ = {isa = PBXBuildFile; fileRef = 540CCAAD2B2DE9AA008B25CB /* WageAddView.swift */; };
		541107032B34438500A32AF9 /* CustomDatePicker.swift in Sources */ = {isa = PBXBuildFile; fileRef = 541107022B34438500A32AF9 /* CustomDatePicker.swift */; };
		541ECF5C2B25F67D00A8E091 /* EventStore.swift in Sources */ = {isa = PBXBuildFile; fileRef = 541ECF5B2B25F67D00A8E091 /* EventStore.swift */; };
		541ECF5E2B25F74000A8E091 /* SettingView.swift in Sources */ = {isa = PBXBuildFile; fileRef = 541ECF5D2B25F74000A8E091 /* SettingView.swift */; };
		5423A9322B2D29FB004B88C7 /* Job.swift in Sources */ = {isa = PBXBuildFile; fileRef = 5423A9312B2D29FB004B88C7 /* Job.swift */; };
		5423A9342B2D3932004B88C7 /* OneTimeJob.swift in Sources */ = {isa = PBXBuildFile; fileRef = 5423A9332B2D3932004B88C7 /* OneTimeJob.swift */; };
		5423A9382B2D3B1E004B88C7 /* JobSettingView.swift in Sources */ = {isa = PBXBuildFile; fileRef = 5423A9372B2D3B1E004B88C7 /* JobSettingView.swift */; };
		5427156D2B380E9100263D28 /* SalaryRow.swift in Sources */ = {isa = PBXBuildFile; fileRef = 5427156C2B380E9100263D28 /* SalaryRow.swift */; };
		54302B712B3D524000BB6216 /* OtDetailMonth.swift in Sources */ = {isa = PBXBuildFile; fileRef = 54302B702B3D524000BB6216 /* OtDetailMonth.swift */; };
		54302B732B3D5A6100BB6216 /* OtDetailYear.swift in Sources */ = {isa = PBXBuildFile; fileRef = 54302B722B3D5A6100BB6216 /* OtDetailYear.swift */; };
		54303BC62B27409100F6485E /* GoogleCalendarManager.swift in Sources */ = {isa = PBXBuildFile; fileRef = 54303BC52B27409100F6485E /* GoogleCalendarManager.swift */; };
		543340ED2B3D6556002C302A /* EditSalaryHistory.swift in Sources */ = {isa = PBXBuildFile; fileRef = 543340EC2B3D6556002C302A /* EditSalaryHistory.swift */; };
		5435167D2B2ADDFC0049427D /* CalSettingView.swift in Sources */ = {isa = PBXBuildFile; fileRef = 5435167C2B2ADDFC0049427D /* CalSettingView.swift */; };
		5435167F2B2ADE6E0049427D /* UserDefaultsKeys.swift in Sources */ = {isa = PBXBuildFile; fileRef = 5435167E2B2ADE6E0049427D /* UserDefaultsKeys.swift */; };
		5439F7932B34F9FB005CC21F /* SalaryView.swift in Sources */ = {isa = PBXBuildFile; fileRef = 5439F7922B34F9FB005CC21F /* SalaryView.swift */; };
		5439F7972B35051E005CC21F /* SalaryManager.swift in Sources */ = {isa = PBXBuildFile; fileRef = 5439F7962B35051E005CC21F /* SalaryManager.swift */; };
		544E52DE2B34110900F54B22 /* InfinitePagingView.swift in Sources */ = {isa = PBXBuildFile; fileRef = 544E52DD2B34110900F54B22 /* InfinitePagingView.swift */; };
		54557AB22B2D4CCA009F900E /* JobAddView.swift in Sources */ = {isa = PBXBuildFile; fileRef = 54557AB12B2D4CCA009F900E /* JobAddView.swift */; };
		54557AB62B2D4D45009F900E /* OTJobAddView.swift in Sources */ = {isa = PBXBuildFile; fileRef = 54557AB52B2D4D45009F900E /* OTJobAddView.swift */; };
		54616CC02B38F9E6001045EC /* SalaryAddView.swift in Sources */ = {isa = PBXBuildFile; fileRef = 54616CBF2B38F9E6001045EC /* SalaryAddView.swift */; };
		5477EE7E2B39A5FA00B13CB9 /* DetailMonth.swift in Sources */ = {isa = PBXBuildFile; fileRef = 5477EE7D2B39A5FA00B13CB9 /* DetailMonth.swift */; };
		5477EE812B3B074F00B13CB9 /* DetailYear.swift in Sources */ = {isa = PBXBuildFile; fileRef = 5477EE802B3B074F00B13CB9 /* DetailYear.swift */; };
		547EB5E62B32877800D9E2E8 /* Collections in Frameworks */ = {isa = PBXBuildFile; productRef = 547EB5E52B32877800D9E2E8 /* Collections */; };
		547EB5E82B32877800D9E2E8 /* DequeModule in Frameworks */ = {isa = PBXBuildFile; productRef = 547EB5E72B32877800D9E2E8 /* DequeModule */; };
		547EB5EA2B32877800D9E2E8 /* OrderedCollections in Frameworks */ = {isa = PBXBuildFile; productRef = 547EB5E92B32877800D9E2E8 /* OrderedCollections */; };
		549077362B2EDA6F0004E523 /* EventEditView.swift in Sources */ = {isa = PBXBuildFile; fileRef = 549077352B2EDA6F0004E523 /* EventEditView.swift */; };
		54B8C9032B2E8A7F009834E2 /* OTJobEditView.swift in Sources */ = {isa = PBXBuildFile; fileRef = 54B8C9022B2E8A7F009834E2 /* OTJobEditView.swift */; };
		54BD22282B2828A200B66497 /* ShiftView.swift in Sources */ = {isa = PBXBuildFile; fileRef = 54BD22272B2828A200B66497 /* ShiftView.swift */; };
		54BD222B2B282A9000B66497 /* SalaryMainView.swift in Sources */ = {isa = PBXBuildFile; fileRef = 54BD222A2B282A9000B66497 /* SalaryMainView.swift */; };
		54BD222D2B28366E00B66497 /* CalendarView.swift in Sources */ = {isa = PBXBuildFile; fileRef = 54BD222C2B28366E00B66497 /* CalendarView.swift */; };
		54BD222F2B28696B00B66497 /* EventRow.swift in Sources */ = {isa = PBXBuildFile; fileRef = 54BD222E2B28696B00B66497 /* EventRow.swift */; };
		54CE0A702B2D6FFF008EA726 /* WageHistoryView.swift in Sources */ = {isa = PBXBuildFile; fileRef = 54CE0A6F2B2D6FFF008EA726 /* WageHistoryView.swift */; };
		54CE0A742B2DA080008EA726 /* BreakPicker.swift in Sources */ = {isa = PBXBuildFile; fileRef = 54CE0A732B2DA080008EA726 /* BreakPicker.swift */; };
		54DC38932B4AA91C00725A51 /* EditEventSummary.swift in Sources */ = {isa = PBXBuildFile; fileRef = 54DC38922B4AA91C00725A51 /* EditEventSummary.swift */; };
		54E3931F2B25A8E20002D4EB /* .gitignore in Resources */ = {isa = PBXBuildFile; fileRef = 54E3931E2B25A8E20002D4EB /* .gitignore */; };
		54E393272B25B62C0002D4EB /* UserState.swift in Sources */ = {isa = PBXBuildFile; fileRef = 54E393262B25B62C0002D4EB /* UserState.swift */; };
		54E5CD6D2B3184FC008806E8 /* EventAddView.swift in Sources */ = {isa = PBXBuildFile; fileRef = 54E5CD6C2B3184FC008806E8 /* EventAddView.swift */; };
		54F7378C2B259702004A4975 /* JobShiftApp.swift in Sources */ = {isa = PBXBuildFile; fileRef = 54F7378B2B259702004A4975 /* JobShiftApp.swift */; };
		54F7378E2B259702004A4975 /* ContentView.swift in Sources */ = {isa = PBXBuildFile; fileRef = 54F7378D2B259702004A4975 /* ContentView.swift */; };
		54F737922B259703004A4975 /* Assets.xcassets in Resources */ = {isa = PBXBuildFile; fileRef = 54F737912B259703004A4975 /* Assets.xcassets */; };
		54F737952B259703004A4975 /* Preview Assets.xcassets in Resources */ = {isa = PBXBuildFile; fileRef = 54F737942B259703004A4975 /* Preview Assets.xcassets */; };
		54F7379C2B259970004A4975 /* LaunchScreen.swift in Sources */ = {isa = PBXBuildFile; fileRef = 54F7379B2B259970004A4975 /* LaunchScreen.swift */; };
/* End PBXBuildFile section */

/* Begin PBXFileReference section */
		233EFDE9A8CBFF5CBD760845 /* Pods_JobShift.framework */ = {isa = PBXFileReference; explicitFileType = wrapper.framework; includeInIndex = 0; path = Pods_JobShift.framework; sourceTree = BUILT_PRODUCTS_DIR; };
		472BF2ABAC465F0A40AB1A9B /* Pods-JobShift.debug.xcconfig */ = {isa = PBXFileReference; includeInIndex = 1; lastKnownFileType = text.xcconfig; name = "Pods-JobShift.debug.xcconfig"; path = "Target Support Files/Pods-JobShift/Pods-JobShift.debug.xcconfig"; sourceTree = "<group>"; };
		540CCAAB2B2DB003008B25CB /* JobEditView.swift */ = {isa = PBXFileReference; lastKnownFileType = sourcecode.swift; path = JobEditView.swift; sourceTree = "<group>"; };
		540CCAAD2B2DE9AA008B25CB /* WageAddView.swift */ = {isa = PBXFileReference; lastKnownFileType = sourcecode.swift; path = WageAddView.swift; sourceTree = "<group>"; };
		541107022B34438500A32AF9 /* CustomDatePicker.swift */ = {isa = PBXFileReference; lastKnownFileType = sourcecode.swift; path = CustomDatePicker.swift; sourceTree = "<group>"; };
		541ECF5B2B25F67D00A8E091 /* EventStore.swift */ = {isa = PBXFileReference; lastKnownFileType = sourcecode.swift; path = EventStore.swift; sourceTree = "<group>"; };
		541ECF5D2B25F74000A8E091 /* SettingView.swift */ = {isa = PBXFileReference; lastKnownFileType = sourcecode.swift; path = SettingView.swift; sourceTree = "<group>"; };
		5423A9312B2D29FB004B88C7 /* Job.swift */ = {isa = PBXFileReference; lastKnownFileType = sourcecode.swift; path = Job.swift; sourceTree = "<group>"; };
		5423A9332B2D3932004B88C7 /* OneTimeJob.swift */ = {isa = PBXFileReference; lastKnownFileType = sourcecode.swift; path = OneTimeJob.swift; sourceTree = "<group>"; };
		5423A9372B2D3B1E004B88C7 /* JobSettingView.swift */ = {isa = PBXFileReference; lastKnownFileType = sourcecode.swift; path = JobSettingView.swift; sourceTree = "<group>"; };
		5427156C2B380E9100263D28 /* SalaryRow.swift */ = {isa = PBXFileReference; lastKnownFileType = sourcecode.swift; path = SalaryRow.swift; sourceTree = "<group>"; };
		54302B702B3D524000BB6216 /* OtDetailMonth.swift */ = {isa = PBXFileReference; lastKnownFileType = sourcecode.swift; path = OtDetailMonth.swift; sourceTree = "<group>"; };
		54302B722B3D5A6100BB6216 /* OtDetailYear.swift */ = {isa = PBXFileReference; lastKnownFileType = sourcecode.swift; path = OtDetailYear.swift; sourceTree = "<group>"; };
		54303BC52B27409100F6485E /* GoogleCalendarManager.swift */ = {isa = PBXFileReference; lastKnownFileType = sourcecode.swift; path = GoogleCalendarManager.swift; sourceTree = "<group>"; };
		543340EC2B3D6556002C302A /* EditSalaryHistory.swift */ = {isa = PBXFileReference; lastKnownFileType = sourcecode.swift; path = EditSalaryHistory.swift; sourceTree = "<group>"; };
		543340EE2B3D83B7002C302A /* JobShift.entitlements */ = {isa = PBXFileReference; lastKnownFileType = text.plist.entitlements; path = JobShift.entitlements; sourceTree = "<group>"; };
		543340EF2B3DD725002C302A /* README.md */ = {isa = PBXFileReference; lastKnownFileType = net.daringfireball.markdown; path = README.md; sourceTree = "<group>"; };
		5435167C2B2ADDFC0049427D /* CalSettingView.swift */ = {isa = PBXFileReference; lastKnownFileType = sourcecode.swift; path = CalSettingView.swift; sourceTree = "<group>"; };
		5435167E2B2ADE6E0049427D /* UserDefaultsKeys.swift */ = {isa = PBXFileReference; lastKnownFileType = sourcecode.swift; path = UserDefaultsKeys.swift; sourceTree = "<group>"; };
		5439F7922B34F9FB005CC21F /* SalaryView.swift */ = {isa = PBXFileReference; lastKnownFileType = sourcecode.swift; path = SalaryView.swift; sourceTree = "<group>"; };
		5439F7962B35051E005CC21F /* SalaryManager.swift */ = {isa = PBXFileReference; lastKnownFileType = sourcecode.swift; path = SalaryManager.swift; sourceTree = "<group>"; };
		544E52DD2B34110900F54B22 /* InfinitePagingView.swift */ = {isa = PBXFileReference; lastKnownFileType = sourcecode.swift; path = InfinitePagingView.swift; sourceTree = "<group>"; };
		54557AB12B2D4CCA009F900E /* JobAddView.swift */ = {isa = PBXFileReference; lastKnownFileType = sourcecode.swift; path = JobAddView.swift; sourceTree = "<group>"; };
		54557AB52B2D4D45009F900E /* OTJobAddView.swift */ = {isa = PBXFileReference; lastKnownFileType = sourcecode.swift; path = OTJobAddView.swift; sourceTree = "<group>"; };
		54616CBF2B38F9E6001045EC /* SalaryAddView.swift */ = {isa = PBXFileReference; lastKnownFileType = sourcecode.swift; path = SalaryAddView.swift; sourceTree = "<group>"; };
		5477EE7D2B39A5FA00B13CB9 /* DetailMonth.swift */ = {isa = PBXFileReference; lastKnownFileType = sourcecode.swift; path = DetailMonth.swift; sourceTree = "<group>"; };
		5477EE802B3B074F00B13CB9 /* DetailYear.swift */ = {isa = PBXFileReference; lastKnownFileType = sourcecode.swift; path = DetailYear.swift; sourceTree = "<group>"; };
		549077352B2EDA6F0004E523 /* EventEditView.swift */ = {isa = PBXFileReference; lastKnownFileType = sourcecode.swift; path = EventEditView.swift; sourceTree = "<group>"; };
		54B8C9022B2E8A7F009834E2 /* OTJobEditView.swift */ = {isa = PBXFileReference; lastKnownFileType = sourcecode.swift; path = OTJobEditView.swift; sourceTree = "<group>"; };
		54BD22272B2828A200B66497 /* ShiftView.swift */ = {isa = PBXFileReference; lastKnownFileType = sourcecode.swift; path = ShiftView.swift; sourceTree = "<group>"; };
		54BD222A2B282A9000B66497 /* SalaryMainView.swift */ = {isa = PBXFileReference; lastKnownFileType = sourcecode.swift; path = SalaryMainView.swift; sourceTree = "<group>"; };
		54BD222C2B28366E00B66497 /* CalendarView.swift */ = {isa = PBXFileReference; lastKnownFileType = sourcecode.swift; path = CalendarView.swift; sourceTree = "<group>"; };
		54BD222E2B28696B00B66497 /* EventRow.swift */ = {isa = PBXFileReference; lastKnownFileType = sourcecode.swift; path = EventRow.swift; sourceTree = "<group>"; };
		54CE0A6F2B2D6FFF008EA726 /* WageHistoryView.swift */ = {isa = PBXFileReference; lastKnownFileType = sourcecode.swift; path = WageHistoryView.swift; sourceTree = "<group>"; };
		54CE0A732B2DA080008EA726 /* BreakPicker.swift */ = {isa = PBXFileReference; lastKnownFileType = sourcecode.swift; path = BreakPicker.swift; sourceTree = "<group>"; };
		54DC38922B4AA91C00725A51 /* EditEventSummary.swift */ = {isa = PBXFileReference; lastKnownFileType = sourcecode.swift; path = EditEventSummary.swift; sourceTree = "<group>"; };
		54E3931E2B25A8E20002D4EB /* .gitignore */ = {isa = PBXFileReference; lastKnownFileType = text; path = .gitignore; sourceTree = "<group>"; };
		54E393232B25AD8C0002D4EB /* Info.plist */ = {isa = PBXFileReference; lastKnownFileType = text.plist; path = Info.plist; sourceTree = "<group>"; };
		54E393262B25B62C0002D4EB /* UserState.swift */ = {isa = PBXFileReference; lastKnownFileType = sourcecode.swift; path = UserState.swift; sourceTree = "<group>"; };
		54E5CD6C2B3184FC008806E8 /* EventAddView.swift */ = {isa = PBXFileReference; lastKnownFileType = sourcecode.swift; path = EventAddView.swift; sourceTree = "<group>"; };
		54F737882B259702004A4975 /* JobShift.app */ = {isa = PBXFileReference; explicitFileType = wrapper.application; includeInIndex = 0; path = JobShift.app; sourceTree = BUILT_PRODUCTS_DIR; };
		54F7378B2B259702004A4975 /* JobShiftApp.swift */ = {isa = PBXFileReference; lastKnownFileType = sourcecode.swift; path = JobShiftApp.swift; sourceTree = "<group>"; };
		54F7378D2B259702004A4975 /* ContentView.swift */ = {isa = PBXFileReference; lastKnownFileType = sourcecode.swift; path = ContentView.swift; sourceTree = "<group>"; };
		54F737912B259703004A4975 /* Assets.xcassets */ = {isa = PBXFileReference; lastKnownFileType = folder.assetcatalog; path = Assets.xcassets; sourceTree = "<group>"; };
		54F737942B259703004A4975 /* Preview Assets.xcassets */ = {isa = PBXFileReference; lastKnownFileType = folder.assetcatalog; path = "Preview Assets.xcassets"; sourceTree = "<group>"; };
		54F7379B2B259970004A4975 /* LaunchScreen.swift */ = {isa = PBXFileReference; lastKnownFileType = sourcecode.swift; path = LaunchScreen.swift; sourceTree = "<group>"; };
		865D90C72E6BE4CE65C8E084 /* Pods-JobShift.release.xcconfig */ = {isa = PBXFileReference; includeInIndex = 1; lastKnownFileType = text.xcconfig; name = "Pods-JobShift.release.xcconfig"; path = "Target Support Files/Pods-JobShift/Pods-JobShift.release.xcconfig"; sourceTree = "<group>"; };
/* End PBXFileReference section */

/* Begin PBXFrameworksBuildPhase section */
		54F737852B259702004A4975 /* Frameworks */ = {
			isa = PBXFrameworksBuildPhase;
			buildActionMask = 2147483647;
			files = (
				547EB5E62B32877800D9E2E8 /* Collections in Frameworks */,
				267E76741F20AECAE5312E2B /* Pods_JobShift.framework in Frameworks */,
				547EB5EA2B32877800D9E2E8 /* OrderedCollections in Frameworks */,
				547EB5E82B32877800D9E2E8 /* DequeModule in Frameworks */,
			);
			runOnlyForDeploymentPostprocessing = 0;
		};
/* End PBXFrameworksBuildPhase section */

/* Begin PBXGroup section */
		540CCAAF2B2E6B40008B25CB /* Wage */ = {
			isa = PBXGroup;
			children = (
				54CE0A6F2B2D6FFF008EA726 /* WageHistoryView.swift */,
				540CCAAD2B2DE9AA008B25CB /* WageAddView.swift */,
			);
			path = Wage;
			sourceTree = "<group>";
		};
		540CCAB02B2E6B53008B25CB /* OTJob */ = {
			isa = PBXGroup;
			children = (
				54557AB52B2D4D45009F900E /* OTJobAddView.swift */,
				54B8C9022B2E8A7F009834E2 /* OTJobEditView.swift */,
			);
			path = OTJob;
			sourceTree = "<group>";
		};
		541ECF5F2B25F74700A8E091 /* Setting */ = {
			isa = PBXGroup;
			children = (
				541ECF5D2B25F74000A8E091 /* SettingView.swift */,
				54557AB02B2D42A8009F900E /* Calendar */,
				5423A9392B2D3B38004B88C7 /* Job */,
			);
			path = Setting;
			sourceTree = "<group>";
		};
		5423A9352B2D3A0E004B88C7 /* Job */ = {
			isa = PBXGroup;
			children = (
				5423A9312B2D29FB004B88C7 /* Job.swift */,
				5423A9332B2D3932004B88C7 /* OneTimeJob.swift */,
			);
			path = Job;
			sourceTree = "<group>";
		};
		5423A9392B2D3B38004B88C7 /* Job */ = {
			isa = PBXGroup;
			children = (
				5423A9372B2D3B1E004B88C7 /* JobSettingView.swift */,
				54557AB12B2D4CCA009F900E /* JobAddView.swift */,
				540CCAAB2B2DB003008B25CB /* JobEditView.swift */,
				54CE0A732B2DA080008EA726 /* BreakPicker.swift */,
				540CCAB02B2E6B53008B25CB /* OTJob */,
				540CCAAF2B2E6B40008B25CB /* Wage */,
			);
			path = Job;
			sourceTree = "<group>";
		};
		54557AB02B2D42A8009F900E /* Calendar */ = {
			isa = PBXGroup;
			children = (
				5435167C2B2ADDFC0049427D /* CalSettingView.swift */,
			);
			path = Calendar;
			sourceTree = "<group>";
		};
		5477EE7F2B39AFB000B13CB9 /* Detail */ = {
			isa = PBXGroup;
			children = (
				5477EE7D2B39A5FA00B13CB9 /* DetailMonth.swift */,
				5477EE802B3B074F00B13CB9 /* DetailYear.swift */,
				54302B702B3D524000BB6216 /* OtDetailMonth.swift */,
				54302B722B3D5A6100BB6216 /* OtDetailYear.swift */,
				54DC38922B4AA91C00725A51 /* EditEventSummary.swift */,
			);
			path = Detail;
			sourceTree = "<group>";
		};
		54BD22262B28286A00B66497 /* Shift */ = {
			isa = PBXGroup;
			children = (
				54BD22272B2828A200B66497 /* ShiftView.swift */,
				549077352B2EDA6F0004E523 /* EventEditView.swift */,
				54E5CD6C2B3184FC008806E8 /* EventAddView.swift */,
				54BD222C2B28366E00B66497 /* CalendarView.swift */,
				54BD222E2B28696B00B66497 /* EventRow.swift */,
			);
			path = Shift;
			sourceTree = "<group>";
		};
		54BD22292B282A7600B66497 /* Salary */ = {
			isa = PBXGroup;
			children = (
				54BD222A2B282A9000B66497 /* SalaryMainView.swift */,
				5439F7922B34F9FB005CC21F /* SalaryView.swift */,
				5427156C2B380E9100263D28 /* SalaryRow.swift */,
				543340EC2B3D6556002C302A /* EditSalaryHistory.swift */,
				5477EE7F2B39AFB000B13CB9 /* Detail */,
				544E52DD2B34110900F54B22 /* InfinitePagingView.swift */,
				541107022B34438500A32AF9 /* CustomDatePicker.swift */,
				54616CBF2B38F9E6001045EC /* SalaryAddView.swift */,
			);
			path = Salary;
			sourceTree = "<group>";
		};
		54F7377F2B259701004A4975 = {
			isa = PBXGroup;
			children = (
				543340EF2B3DD725002C302A /* README.md */,
				54E3931E2B25A8E20002D4EB /* .gitignore */,
				54F7378A2B259702004A4975 /* JobShift */,
				54F737892B259702004A4975 /* Products */,
				DE391D74ECBFFFD5C280C33E /* Pods */,
				9D2333F9318687C0A0BAE3FE /* Frameworks */,
			);
			sourceTree = "<group>";
		};
		54F737892B259702004A4975 /* Products */ = {
			isa = PBXGroup;
			children = (
				54F737882B259702004A4975 /* JobShift.app */,
			);
			name = Products;
			sourceTree = "<group>";
		};
		54F7378A2B259702004A4975 /* JobShift */ = {
			isa = PBXGroup;
			children = (
				543340EE2B3D83B7002C302A /* JobShift.entitlements */,
				54E393232B25AD8C0002D4EB /* Info.plist */,
				54F7378B2B259702004A4975 /* JobShiftApp.swift */,
				54F7379D2B259A7A004A4975 /* View */,
				54F7379E2B259A9B004A4975 /* Model */,
				54F737912B259703004A4975 /* Assets.xcassets */,
				54F737932B259703004A4975 /* Preview Content */,
			);
			path = JobShift;
			sourceTree = "<group>";
		};
		54F737932B259703004A4975 /* Preview Content */ = {
			isa = PBXGroup;
			children = (
				54F737942B259703004A4975 /* Preview Assets.xcassets */,
			);
			path = "Preview Content";
			sourceTree = "<group>";
		};
		54F7379D2B259A7A004A4975 /* View */ = {
			isa = PBXGroup;
			children = (
				54F7378D2B259702004A4975 /* ContentView.swift */,
				54F7379B2B259970004A4975 /* LaunchScreen.swift */,
				54BD22292B282A7600B66497 /* Salary */,
				54BD22262B28286A00B66497 /* Shift */,
				541ECF5F2B25F74700A8E091 /* Setting */,
			);
			path = View;
			sourceTree = "<group>";
		};
		54F7379E2B259A9B004A4975 /* Model */ = {
			isa = PBXGroup;
			children = (
				54E393262B25B62C0002D4EB /* UserState.swift */,
				5435167E2B2ADE6E0049427D /* UserDefaultsKeys.swift */,
				54303BC52B27409100F6485E /* GoogleCalendarManager.swift */,
				541ECF5B2B25F67D00A8E091 /* EventStore.swift */,
				5439F7962B35051E005CC21F /* SalaryManager.swift */,
				5423A9352B2D3A0E004B88C7 /* Job */,
			);
			path = Model;
			sourceTree = "<group>";
		};
		9D2333F9318687C0A0BAE3FE /* Frameworks */ = {
			isa = PBXGroup;
			children = (
				233EFDE9A8CBFF5CBD760845 /* Pods_JobShift.framework */,
			);
			name = Frameworks;
			sourceTree = "<group>";
		};
		DE391D74ECBFFFD5C280C33E /* Pods */ = {
			isa = PBXGroup;
			children = (
				472BF2ABAC465F0A40AB1A9B /* Pods-JobShift.debug.xcconfig */,
				865D90C72E6BE4CE65C8E084 /* Pods-JobShift.release.xcconfig */,
			);
			path = Pods;
			sourceTree = "<group>";
		};
/* End PBXGroup section */

/* Begin PBXNativeTarget section */
		54F737872B259702004A4975 /* JobShift */ = {
			isa = PBXNativeTarget;
			buildConfigurationList = 54F737982B259703004A4975 /* Build configuration list for PBXNativeTarget "JobShift" */;
			buildPhases = (
				CE78132DFD88449421F55B46 /* [CP] Check Pods Manifest.lock */,
				54F737842B259702004A4975 /* Sources */,
				54F737852B259702004A4975 /* Frameworks */,
				54F737862B259702004A4975 /* Resources */,
				FE79B011181F1A2FDB55FE91 /* [CP] Embed Pods Frameworks */,
			);
			buildRules = (
			);
			dependencies = (
			);
			name = JobShift;
			packageProductDependencies = (
				547EB5E52B32877800D9E2E8 /* Collections */,
				547EB5E72B32877800D9E2E8 /* DequeModule */,
				547EB5E92B32877800D9E2E8 /* OrderedCollections */,
			);
			productName = JobShift;
			productReference = 54F737882B259702004A4975 /* JobShift.app */;
			productType = "com.apple.product-type.application";
		};
/* End PBXNativeTarget section */

/* Begin PBXProject section */
		54F737802B259701004A4975 /* Project object */ = {
			isa = PBXProject;
			attributes = {
				BuildIndependentTargetsInParallel = 1;
				LastSwiftUpdateCheck = 1500;
				LastUpgradeCheck = 1500;
				TargetAttributes = {
					54F737872B259702004A4975 = {
						CreatedOnToolsVersion = 15.0;
					};
				};
			};
			buildConfigurationList = 54F737832B259701004A4975 /* Build configuration list for PBXProject "JobShift" */;
			compatibilityVersion = "Xcode 14.0";
			developmentRegion = en;
			hasScannedForEncodings = 0;
			knownRegions = (
				en,
				Base,
			);
			mainGroup = 54F7377F2B259701004A4975;
			packageReferences = (
				547EB5E42B32877800D9E2E8 /* XCRemoteSwiftPackageReference "swift-collections" */,
			);
			productRefGroup = 54F737892B259702004A4975 /* Products */;
			projectDirPath = "";
			projectRoot = "";
			targets = (
				54F737872B259702004A4975 /* JobShift */,
			);
		};
/* End PBXProject section */

/* Begin PBXResourcesBuildPhase section */
		54F737862B259702004A4975 /* Resources */ = {
			isa = PBXResourcesBuildPhase;
			buildActionMask = 2147483647;
			files = (
				54F737952B259703004A4975 /* Preview Assets.xcassets in Resources */,
				54E3931F2B25A8E20002D4EB /* .gitignore in Resources */,
				54F737922B259703004A4975 /* Assets.xcassets in Resources */,
			);
			runOnlyForDeploymentPostprocessing = 0;
		};
/* End PBXResourcesBuildPhase section */

/* Begin PBXShellScriptBuildPhase section */
		CE78132DFD88449421F55B46 /* [CP] Check Pods Manifest.lock */ = {
			isa = PBXShellScriptBuildPhase;
			buildActionMask = 2147483647;
			files = (
			);
			inputFileListPaths = (
			);
			inputPaths = (
				"${PODS_PODFILE_DIR_PATH}/Podfile.lock",
				"${PODS_ROOT}/Manifest.lock",
			);
			name = "[CP] Check Pods Manifest.lock";
			outputFileListPaths = (
			);
			outputPaths = (
				"$(DERIVED_FILE_DIR)/Pods-JobShift-checkManifestLockResult.txt",
			);
			runOnlyForDeploymentPostprocessing = 0;
			shellPath = /bin/sh;
			shellScript = "diff \"${PODS_PODFILE_DIR_PATH}/Podfile.lock\" \"${PODS_ROOT}/Manifest.lock\" > /dev/null\nif [ $? != 0 ] ; then\n    # print error to STDERR\n    echo \"error: The sandbox is not in sync with the Podfile.lock. Run 'pod install' or update your CocoaPods installation.\" >&2\n    exit 1\nfi\n# This output is used by Xcode 'outputs' to avoid re-running this script phase.\necho \"SUCCESS\" > \"${SCRIPT_OUTPUT_FILE_0}\"\n";
			showEnvVarsInLog = 0;
		};
		FE79B011181F1A2FDB55FE91 /* [CP] Embed Pods Frameworks */ = {
			isa = PBXShellScriptBuildPhase;
			buildActionMask = 2147483647;
			files = (
			);
			inputFileListPaths = (
				"${PODS_ROOT}/Target Support Files/Pods-JobShift/Pods-JobShift-frameworks-${CONFIGURATION}-input-files.xcfilelist",
			);
			name = "[CP] Embed Pods Frameworks";
			outputFileListPaths = (
				"${PODS_ROOT}/Target Support Files/Pods-JobShift/Pods-JobShift-frameworks-${CONFIGURATION}-output-files.xcfilelist",
			);
			runOnlyForDeploymentPostprocessing = 0;
			shellPath = /bin/sh;
			shellScript = "\"${PODS_ROOT}/Target Support Files/Pods-JobShift/Pods-JobShift-frameworks.sh\"\n";
			showEnvVarsInLog = 0;
		};
/* End PBXShellScriptBuildPhase section */

/* Begin PBXSourcesBuildPhase section */
		54F737842B259702004A4975 /* Sources */ = {
			isa = PBXSourcesBuildPhase;
			buildActionMask = 2147483647;
			files = (
				54DC38932B4AA91C00725A51 /* EditEventSummary.swift in Sources */,
				54CE0A702B2D6FFF008EA726 /* WageHistoryView.swift in Sources */,
				5439F7972B35051E005CC21F /* SalaryManager.swift in Sources */,
				54BD222D2B28366E00B66497 /* CalendarView.swift in Sources */,
				549077362B2EDA6F0004E523 /* EventEditView.swift in Sources */,
				54BD222B2B282A9000B66497 /* SalaryMainView.swift in Sources */,
				54E393272B25B62C0002D4EB /* UserState.swift in Sources */,
				5423A9322B2D29FB004B88C7 /* Job.swift in Sources */,
				5427156D2B380E9100263D28 /* SalaryRow.swift in Sources */,
				5439F7932B34F9FB005CC21F /* SalaryView.swift in Sources */,
				5435167F2B2ADE6E0049427D /* UserDefaultsKeys.swift in Sources */,
				543340ED2B3D6556002C302A /* EditSalaryHistory.swift in Sources */,
				54557AB62B2D4D45009F900E /* OTJobAddView.swift in Sources */,
				5477EE7E2B39A5FA00B13CB9 /* DetailMonth.swift in Sources */,
				544E52DE2B34110900F54B22 /* InfinitePagingView.swift in Sources */,
				540CCAAC2B2DB003008B25CB /* JobEditView.swift in Sources */,
				54557AB22B2D4CCA009F900E /* JobAddView.swift in Sources */,
				5477EE812B3B074F00B13CB9 /* DetailYear.swift in Sources */,
				541107032B34438500A32AF9 /* CustomDatePicker.swift in Sources */,
				54F7379C2B259970004A4975 /* LaunchScreen.swift in Sources */,
				54302B712B3D524000BB6216 /* OtDetailMonth.swift in Sources */,
				5423A9342B2D3932004B88C7 /* OneTimeJob.swift in Sources */,
				54E5CD6D2B3184FC008806E8 /* EventAddView.swift in Sources */,
				54F7378E2B259702004A4975 /* ContentView.swift in Sources */,
				54CE0A742B2DA080008EA726 /* BreakPicker.swift in Sources */,
				54BD22282B2828A200B66497 /* ShiftView.swift in Sources */,
				541ECF5E2B25F74000A8E091 /* SettingView.swift in Sources */,
				541ECF5C2B25F67D00A8E091 /* EventStore.swift in Sources */,
				5423A9382B2D3B1E004B88C7 /* JobSettingView.swift in Sources */,
				54302B732B3D5A6100BB6216 /* OtDetailYear.swift in Sources */,
				540CCAAE2B2DE9AA008B25CB /* WageAddView.swift in Sources */,
				5435167D2B2ADDFC0049427D /* CalSettingView.swift in Sources */,
				54303BC62B27409100F6485E /* GoogleCalendarManager.swift in Sources */,
				54B8C9032B2E8A7F009834E2 /* OTJobEditView.swift in Sources */,
				54F7378C2B259702004A4975 /* JobShiftApp.swift in Sources */,
				54616CC02B38F9E6001045EC /* SalaryAddView.swift in Sources */,
				54BD222F2B28696B00B66497 /* EventRow.swift in Sources */,
			);
			runOnlyForDeploymentPostprocessing = 0;
		};
/* End PBXSourcesBuildPhase section */

/* Begin XCBuildConfiguration section */
		54F737962B259703004A4975 /* Debug */ = {
			isa = XCBuildConfiguration;
			buildSettings = {
				ALWAYS_SEARCH_USER_PATHS = NO;
				ASSETCATALOG_COMPILER_GENERATE_SWIFT_ASSET_SYMBOL_EXTENSIONS = YES;
				CLANG_ANALYZER_NONNULL = YES;
				CLANG_ANALYZER_NUMBER_OBJECT_CONVERSION = YES_AGGRESSIVE;
				CLANG_CXX_LANGUAGE_STANDARD = "gnu++20";
				CLANG_ENABLE_MODULES = YES;
				CLANG_ENABLE_OBJC_ARC = YES;
				CLANG_ENABLE_OBJC_WEAK = YES;
				CLANG_WARN_BLOCK_CAPTURE_AUTORELEASING = YES;
				CLANG_WARN_BOOL_CONVERSION = YES;
				CLANG_WARN_COMMA = YES;
				CLANG_WARN_CONSTANT_CONVERSION = YES;
				CLANG_WARN_DEPRECATED_OBJC_IMPLEMENTATIONS = YES;
				CLANG_WARN_DIRECT_OBJC_ISA_USAGE = YES_ERROR;
				CLANG_WARN_DOCUMENTATION_COMMENTS = YES;
				CLANG_WARN_EMPTY_BODY = YES;
				CLANG_WARN_ENUM_CONVERSION = YES;
				CLANG_WARN_INFINITE_RECURSION = YES;
				CLANG_WARN_INT_CONVERSION = YES;
				CLANG_WARN_NON_LITERAL_NULL_CONVERSION = YES;
				CLANG_WARN_OBJC_IMPLICIT_RETAIN_SELF = YES;
				CLANG_WARN_OBJC_LITERAL_CONVERSION = YES;
				CLANG_WARN_OBJC_ROOT_CLASS = YES_ERROR;
				CLANG_WARN_QUOTED_INCLUDE_IN_FRAMEWORK_HEADER = YES;
				CLANG_WARN_RANGE_LOOP_ANALYSIS = YES;
				CLANG_WARN_STRICT_PROTOTYPES = YES;
				CLANG_WARN_SUSPICIOUS_MOVE = YES;
				CLANG_WARN_UNGUARDED_AVAILABILITY = YES_AGGRESSIVE;
				CLANG_WARN_UNREACHABLE_CODE = YES;
				CLANG_WARN__DUPLICATE_METHOD_MATCH = YES;
				COPY_PHASE_STRIP = NO;
				DEBUG_INFORMATION_FORMAT = dwarf;
				ENABLE_STRICT_OBJC_MSGSEND = YES;
				ENABLE_TESTABILITY = YES;
				ENABLE_USER_SCRIPT_SANDBOXING = YES;
				GCC_C_LANGUAGE_STANDARD = gnu17;
				GCC_DYNAMIC_NO_PIC = NO;
				GCC_NO_COMMON_BLOCKS = YES;
				GCC_OPTIMIZATION_LEVEL = 0;
				GCC_PREPROCESSOR_DEFINITIONS = (
					"DEBUG=1",
					"$(inherited)",
				);
				GCC_WARN_64_TO_32_BIT_CONVERSION = YES;
				GCC_WARN_ABOUT_RETURN_TYPE = YES_ERROR;
				GCC_WARN_UNDECLARED_SELECTOR = YES;
				GCC_WARN_UNINITIALIZED_AUTOS = YES_AGGRESSIVE;
				GCC_WARN_UNUSED_FUNCTION = YES;
				GCC_WARN_UNUSED_VARIABLE = YES;
				IPHONEOS_DEPLOYMENT_TARGET = 17.0;
				LOCALIZATION_PREFERS_STRING_CATALOGS = YES;
				MTL_ENABLE_DEBUG_INFO = INCLUDE_SOURCE;
				MTL_FAST_MATH = YES;
				ONLY_ACTIVE_ARCH = YES;
				SDKROOT = iphoneos;
				SWIFT_ACTIVE_COMPILATION_CONDITIONS = "DEBUG $(inherited)";
				SWIFT_OPTIMIZATION_LEVEL = "-Onone";
			};
			name = Debug;
		};
		54F737972B259703004A4975 /* Release */ = {
			isa = XCBuildConfiguration;
			buildSettings = {
				ALWAYS_SEARCH_USER_PATHS = NO;
				ASSETCATALOG_COMPILER_GENERATE_SWIFT_ASSET_SYMBOL_EXTENSIONS = YES;
				CLANG_ANALYZER_NONNULL = YES;
				CLANG_ANALYZER_NUMBER_OBJECT_CONVERSION = YES_AGGRESSIVE;
				CLANG_CXX_LANGUAGE_STANDARD = "gnu++20";
				CLANG_ENABLE_MODULES = YES;
				CLANG_ENABLE_OBJC_ARC = YES;
				CLANG_ENABLE_OBJC_WEAK = YES;
				CLANG_WARN_BLOCK_CAPTURE_AUTORELEASING = YES;
				CLANG_WARN_BOOL_CONVERSION = YES;
				CLANG_WARN_COMMA = YES;
				CLANG_WARN_CONSTANT_CONVERSION = YES;
				CLANG_WARN_DEPRECATED_OBJC_IMPLEMENTATIONS = YES;
				CLANG_WARN_DIRECT_OBJC_ISA_USAGE = YES_ERROR;
				CLANG_WARN_DOCUMENTATION_COMMENTS = YES;
				CLANG_WARN_EMPTY_BODY = YES;
				CLANG_WARN_ENUM_CONVERSION = YES;
				CLANG_WARN_INFINITE_RECURSION = YES;
				CLANG_WARN_INT_CONVERSION = YES;
				CLANG_WARN_NON_LITERAL_NULL_CONVERSION = YES;
				CLANG_WARN_OBJC_IMPLICIT_RETAIN_SELF = YES;
				CLANG_WARN_OBJC_LITERAL_CONVERSION = YES;
				CLANG_WARN_OBJC_ROOT_CLASS = YES_ERROR;
				CLANG_WARN_QUOTED_INCLUDE_IN_FRAMEWORK_HEADER = YES;
				CLANG_WARN_RANGE_LOOP_ANALYSIS = YES;
				CLANG_WARN_STRICT_PROTOTYPES = YES;
				CLANG_WARN_SUSPICIOUS_MOVE = YES;
				CLANG_WARN_UNGUARDED_AVAILABILITY = YES_AGGRESSIVE;
				CLANG_WARN_UNREACHABLE_CODE = YES;
				CLANG_WARN__DUPLICATE_METHOD_MATCH = YES;
				COPY_PHASE_STRIP = NO;
				DEBUG_INFORMATION_FORMAT = "dwarf-with-dsym";
				ENABLE_NS_ASSERTIONS = NO;
				ENABLE_STRICT_OBJC_MSGSEND = YES;
				ENABLE_USER_SCRIPT_SANDBOXING = YES;
				GCC_C_LANGUAGE_STANDARD = gnu17;
				GCC_NO_COMMON_BLOCKS = YES;
				GCC_WARN_64_TO_32_BIT_CONVERSION = YES;
				GCC_WARN_ABOUT_RETURN_TYPE = YES_ERROR;
				GCC_WARN_UNDECLARED_SELECTOR = YES;
				GCC_WARN_UNINITIALIZED_AUTOS = YES_AGGRESSIVE;
				GCC_WARN_UNUSED_FUNCTION = YES;
				GCC_WARN_UNUSED_VARIABLE = YES;
				IPHONEOS_DEPLOYMENT_TARGET = 17.0;
				LOCALIZATION_PREFERS_STRING_CATALOGS = YES;
				MTL_ENABLE_DEBUG_INFO = NO;
				MTL_FAST_MATH = YES;
				SDKROOT = iphoneos;
				SWIFT_COMPILATION_MODE = wholemodule;
				VALIDATE_PRODUCT = YES;
			};
			name = Release;
		};
		54F737992B259703004A4975 /* Debug */ = {
			isa = XCBuildConfiguration;
			baseConfigurationReference = 472BF2ABAC465F0A40AB1A9B /* Pods-JobShift.debug.xcconfig */;
			buildSettings = {
				ASSETCATALOG_COMPILER_APPICON_NAME = AppIcon;
				ASSETCATALOG_COMPILER_GLOBAL_ACCENT_COLOR_NAME = AccentColor;
				CODE_SIGN_ENTITLEMENTS = JobShift/JobShift.entitlements;
				CODE_SIGN_STYLE = Automatic;
				CURRENT_PROJECT_VERSION = 1;
				DEVELOPMENT_ASSET_PATHS = "\"JobShift/Preview Content\"";
				DEVELOPMENT_TEAM = 8KH9QD5V23;
				ENABLE_PREVIEWS = YES;
				ENABLE_USER_SCRIPT_SANDBOXING = NO;
				GENERATE_INFOPLIST_FILE = YES;
				INFOPLIST_FILE = JobShift/Info.plist;
				INFOPLIST_KEY_UIApplicationSceneManifest_Generation = YES;
				INFOPLIST_KEY_UIApplicationSupportsIndirectInputEvents = YES;
				INFOPLIST_KEY_UILaunchScreen_Generation = YES;
				INFOPLIST_KEY_UISupportedInterfaceOrientations_iPad = "UIInterfaceOrientationPortrait UIInterfaceOrientationPortraitUpsideDown UIInterfaceOrientationLandscapeLeft UIInterfaceOrientationLandscapeRight";
				INFOPLIST_KEY_UISupportedInterfaceOrientations_iPhone = UIInterfaceOrientationPortrait;
				LD_RUNPATH_SEARCH_PATHS = (
					"$(inherited)",
					"@executable_path/Frameworks",
				);
				MARKETING_VERSION = 1.0.0;
				PRODUCT_BUNDLE_IDENTIFIER = com.shin.JobShift;
				PRODUCT_NAME = "$(TARGET_NAME)";
				SWIFT_EMIT_LOC_STRINGS = YES;
				SWIFT_VERSION = 5.0;
				TARGETED_DEVICE_FAMILY = "1,2";
			};
			name = Debug;
		};
		54F7379A2B259703004A4975 /* Release */ = {
			isa = XCBuildConfiguration;
			baseConfigurationReference = 865D90C72E6BE4CE65C8E084 /* Pods-JobShift.release.xcconfig */;
			buildSettings = {
				ASSETCATALOG_COMPILER_APPICON_NAME = AppIcon;
				ASSETCATALOG_COMPILER_GLOBAL_ACCENT_COLOR_NAME = AccentColor;
				CODE_SIGN_ENTITLEMENTS = JobShift/JobShift.entitlements;
				CODE_SIGN_STYLE = Automatic;
				CURRENT_PROJECT_VERSION = 1;
				DEVELOPMENT_ASSET_PATHS = "\"JobShift/Preview Content\"";
				DEVELOPMENT_TEAM = 8KH9QD5V23;
				ENABLE_PREVIEWS = YES;
				ENABLE_USER_SCRIPT_SANDBOXING = NO;
				GENERATE_INFOPLIST_FILE = YES;
				INFOPLIST_FILE = JobShift/Info.plist;
				INFOPLIST_KEY_UIApplicationSceneManifest_Generation = YES;
				INFOPLIST_KEY_UIApplicationSupportsIndirectInputEvents = YES;
				INFOPLIST_KEY_UILaunchScreen_Generation = YES;
				INFOPLIST_KEY_UISupportedInterfaceOrientations_iPad = "UIInterfaceOrientationPortrait UIInterfaceOrientationPortraitUpsideDown UIInterfaceOrientationLandscapeLeft UIInterfaceOrientationLandscapeRight";
				INFOPLIST_KEY_UISupportedInterfaceOrientations_iPhone = UIInterfaceOrientationPortrait;
				LD_RUNPATH_SEARCH_PATHS = (
					"$(inherited)",
					"@executable_path/Frameworks",
				);
				MARKETING_VERSION = 1.0.0;
				PRODUCT_BUNDLE_IDENTIFIER = com.shin.JobShift;
				PRODUCT_NAME = "$(TARGET_NAME)";
				SWIFT_EMIT_LOC_STRINGS = YES;
				SWIFT_VERSION = 5.0;
				TARGETED_DEVICE_FAMILY = "1,2";
			};
			name = Release;
		};
/* End XCBuildConfiguration section */

/* Begin XCConfigurationList section */
		54F737832B259701004A4975 /* Build configuration list for PBXProject "JobShift" */ = {
			isa = XCConfigurationList;
			buildConfigurations = (
				54F737962B259703004A4975 /* Debug */,
				54F737972B259703004A4975 /* Release */,
			);
			defaultConfigurationIsVisible = 0;
			defaultConfigurationName = Release;
		};
		54F737982B259703004A4975 /* Build configuration list for PBXNativeTarget "JobShift" */ = {
			isa = XCConfigurationList;
			buildConfigurations = (
				54F737992B259703004A4975 /* Debug */,
				54F7379A2B259703004A4975 /* Release */,
			);
			defaultConfigurationIsVisible = 0;
			defaultConfigurationName = Release;
		};
/* End XCConfigurationList section */

/* Begin XCRemoteSwiftPackageReference section */
		547EB5E42B32877800D9E2E8 /* XCRemoteSwiftPackageReference "swift-collections" */ = {
			isa = XCRemoteSwiftPackageReference;
			repositoryURL = "https://github.com/apple/swift-collections.git";
			requirement = {
				kind = upToNextMajorVersion;
				minimumVersion = 1.0.5;
			};
		};
/* End XCRemoteSwiftPackageReference section */

/* Begin XCSwiftPackageProductDependency section */
		547EB5E52B32877800D9E2E8 /* Collections */ = {
			isa = XCSwiftPackageProductDependency;
			package = 547EB5E42B32877800D9E2E8 /* XCRemoteSwiftPackageReference "swift-collections" */;
			productName = Collections;
		};
		547EB5E72B32877800D9E2E8 /* DequeModule */ = {
			isa = XCSwiftPackageProductDependency;
			package = 547EB5E42B32877800D9E2E8 /* XCRemoteSwiftPackageReference "swift-collections" */;
			productName = DequeModule;
		};
		547EB5E92B32877800D9E2E8 /* OrderedCollections */ = {
			isa = XCSwiftPackageProductDependency;
			package = 547EB5E42B32877800D9E2E8 /* XCRemoteSwiftPackageReference "swift-collections" */;
			productName = OrderedCollections;
		};
/* End XCSwiftPackageProductDependency section */
	};
	rootObject = 54F737802B259701004A4975 /* Project object */;
}
