// !$*UTF8*$!
{
	archiveVersion = 1;
	classes = {
	};
	objectVersion = 56;
	objects = {

/* Begin PBXBuildFile section */
		267E76741F20AECAE5312E2B /* Pods_JobShift.framework in Frameworks */ = {isa = PBXBuildFile; fileRef = 233EFDE9A8CBFF5CBD760845 /* Pods_JobShift.framework */; };
		540E33D22B88344400ADABA9 /* JobSettingView.swift in Sources */ = {isa = PBXBuildFile; fileRef = 540E33D12B88344400ADABA9 /* JobSettingView.swift */; };
		541ECF5C2B25F67D00A8E091 /* EventStore.swift in Sources */ = {isa = PBXBuildFile; fileRef = 541ECF5B2B25F67D00A8E091 /* EventStore.swift */; };
		5423A9322B2D29FB004B88C7 /* Job.swift in Sources */ = {isa = PBXBuildFile; fileRef = 5423A9312B2D29FB004B88C7 /* Job.swift */; };
		54303BC62B27409100F6485E /* CalendarManager.swift in Sources */ = {isa = PBXBuildFile; fileRef = 54303BC52B27409100F6485E /* CalendarManager.swift */; };
		5442B4052B9414800047434B /* AppState.swift in Sources */ = {isa = PBXBuildFile; fileRef = 5442B4042B9414800047434B /* AppState.swift */; };
		5442B4072B9444EA0047434B /* LaunchScreenViewModel.swift in Sources */ = {isa = PBXBuildFile; fileRef = 5442B4062B9444EA0047434B /* LaunchScreenViewModel.swift */; };
		5442B4092B945B940047434B /* OnboardingViewModel.swift in Sources */ = {isa = PBXBuildFile; fileRef = 5442B4082B945B940047434B /* OnboardingViewModel.swift */; };
		5442B40B2B945D440047434B /* ContentViewModel.swift in Sources */ = {isa = PBXBuildFile; fileRef = 5442B40A2B945D440047434B /* ContentViewModel.swift */; };
		5442B40E2B94602B0047434B /* SettingViewModel.swift in Sources */ = {isa = PBXBuildFile; fileRef = 5442B40D2B94602B0047434B /* SettingViewModel.swift */; };
		5442B4112B9463B00047434B /* CalendarSettingViewModel.swift in Sources */ = {isa = PBXBuildFile; fileRef = 5442B4102B9463B00047434B /* CalendarSettingViewModel.swift */; };
		5442B4142B946F3E0047434B /* JobSettingViewModel.swift in Sources */ = {isa = PBXBuildFile; fileRef = 5442B4132B946F3E0047434B /* JobSettingViewModel.swift */; };
		5442B4162B9473800047434B /* JobFormViewModel.swift in Sources */ = {isa = PBXBuildFile; fileRef = 5442B4152B9473800047434B /* JobFormViewModel.swift */; };
		5442B4182B94800B0047434B /* JobAddViewModel.swift in Sources */ = {isa = PBXBuildFile; fileRef = 5442B4172B94800B0047434B /* JobAddViewModel.swift */; };
		5442B41C2B95D6510047434B /* WageAddView.swift in Sources */ = {isa = PBXBuildFile; fileRef = 5442B41B2B95D6510047434B /* WageAddView.swift */; };
		5442B4202B95E6EB0047434B /* JobEditViewModel.swift in Sources */ = {isa = PBXBuildFile; fileRef = 5442B41F2B95E6EB0047434B /* JobEditViewModel.swift */; };
		5442B4222B95FED00047434B /* OTJobFormViewModel.swift in Sources */ = {isa = PBXBuildFile; fileRef = 5442B4212B95FED00047434B /* OTJobFormViewModel.swift */; };
		5442B42A2B9602270047434B /* OTJobAddViewModel.swift in Sources */ = {isa = PBXBuildFile; fileRef = 5442B4292B9602270047434B /* OTJobAddViewModel.swift */; };
		5442B42C2B9606660047434B /* OTJobEditViewModel.swift in Sources */ = {isa = PBXBuildFile; fileRef = 5442B42B2B9606660047434B /* OTJobEditViewModel.swift */; };
		5442B42F2B9609850047434B /* ShiftViewModel.swift in Sources */ = {isa = PBXBuildFile; fileRef = 5442B42E2B9609850047434B /* ShiftViewModel.swift */; };
		5453AE562B8CDB970053B72D /* ShiftSheetView.swift in Sources */ = {isa = PBXBuildFile; fileRef = 5453AE552B8CDB970053B72D /* ShiftSheetView.swift */; };
		545A9CE42B7E06A40065487C /* RiveRuntime in Frameworks */ = {isa = PBXBuildFile; productRef = 545A9CE32B7E06A40065487C /* RiveRuntime */; };
		545A9CEA2B7F810A0065487C /* ContentView.swift in Sources */ = {isa = PBXBuildFile; fileRef = 545A9CE92B7F810A0065487C /* ContentView.swift */; };
		546D43DD2B7DE4940027D044 /* LaunchScreen.swift in Sources */ = {isa = PBXBuildFile; fileRef = 546D43DC2B7DE4940027D044 /* LaunchScreen.swift */; };
		546D43EA2B7E00C50027D044 /* shapes.riv in Resources */ = {isa = PBXBuildFile; fileRef = 546D43E32B7E00C40027D044 /* shapes.riv */; };
		547EB5E62B32877800D9E2E8 /* Collections in Frameworks */ = {isa = PBXBuildFile; productRef = 547EB5E52B32877800D9E2E8 /* Collections */; };
		547EB5E82B32877800D9E2E8 /* DequeModule in Frameworks */ = {isa = PBXBuildFile; productRef = 547EB5E72B32877800D9E2E8 /* DequeModule */; };
		547EB5EA2B32877800D9E2E8 /* OrderedCollections in Frameworks */ = {isa = PBXBuildFile; productRef = 547EB5E92B32877800D9E2E8 /* OrderedCollections */; };
		54B74E242B8A1572005DA634 /* OnWillDisappear.swift in Sources */ = {isa = PBXBuildFile; fileRef = 54B74E232B8A1572005DA634 /* OnWillDisappear.swift */; };
		54B74E262B8A1D1B005DA634 /* OnboardingView.swift in Sources */ = {isa = PBXBuildFile; fileRef = 54B74E252B8A1D1B005DA634 /* OnboardingView.swift */; };
		54B74E292B8A2B22005DA634 /* CachedAsyncImage in Frameworks */ = {isa = PBXBuildFile; productRef = 54B74E282B8A2B22005DA634 /* CachedAsyncImage */; };
		54BC8BA22B8B095D00ACAC4A /* CalendarView.swift in Sources */ = {isa = PBXBuildFile; fileRef = 54BC8BA12B8B095D00ACAC4A /* CalendarView.swift */; };
		54BC8BA72B8B35C300ACAC4A /* Tab.swift in Sources */ = {isa = PBXBuildFile; fileRef = 54BC8BA62B8B35C300ACAC4A /* Tab.swift */; };
		54BC8BA92B8BACCE00ACAC4A /* ButtomSheetHelper.swift in Sources */ = {isa = PBXBuildFile; fileRef = 54BC8BA82B8BACCE00ACAC4A /* ButtomSheetHelper.swift */; };
		54C18E4F2B886CFA002E51D7 /* SwiftDataSource.swift in Sources */ = {isa = PBXBuildFile; fileRef = 54C18E4E2B886CFA002E51D7 /* SwiftDataSource.swift */; };
		54C18E512B8877F3002E51D7 /* DateExtension.swift in Sources */ = {isa = PBXBuildFile; fileRef = 54C18E502B8877F3002E51D7 /* DateExtension.swift */; };
		54C18E532B888B39002E51D7 /* OTJobFormView.swift in Sources */ = {isa = PBXBuildFile; fileRef = 54C18E522B888B39002E51D7 /* OTJobFormView.swift */; };
		54C18E552B888F89002E51D7 /* OTJobAddView.swift in Sources */ = {isa = PBXBuildFile; fileRef = 54C18E542B888F89002E51D7 /* OTJobAddView.swift */; };
		54E2AD812B88C71D008A9A77 /* OTJobEditView.swift in Sources */ = {isa = PBXBuildFile; fileRef = 54E2AD802B88C71D008A9A77 /* OTJobEditView.swift */; };
		54E2AD832B88DD89008A9A77 /* JobFormView.swift in Sources */ = {isa = PBXBuildFile; fileRef = 54E2AD822B88DD89008A9A77 /* JobFormView.swift */; };
		54E3931F2B25A8E20002D4EB /* .gitignore in Resources */ = {isa = PBXBuildFile; fileRef = 54E3931E2B25A8E20002D4EB /* .gitignore */; };
		54ECCDB12B8F2A2A00847BB6 /* EventHelper.swift in Sources */ = {isa = PBXBuildFile; fileRef = 54ECCDB02B8F2A2A00847BB6 /* EventHelper.swift */; };
		54F7378C2B259702004A4975 /* JobShiftApp.swift in Sources */ = {isa = PBXBuildFile; fileRef = 54F7378B2B259702004A4975 /* JobShiftApp.swift */; };
		54F737922B259703004A4975 /* Assets.xcassets in Resources */ = {isa = PBXBuildFile; fileRef = 54F737912B259703004A4975 /* Assets.xcassets */; };
		54F737952B259703004A4975 /* Preview Assets.xcassets in Resources */ = {isa = PBXBuildFile; fileRef = 54F737942B259703004A4975 /* Preview Assets.xcassets */; };
		54FD0E702B7F9C2F00A3E9F4 /* SettingView.swift in Sources */ = {isa = PBXBuildFile; fileRef = 54FD0E6F2B7F9C2F00A3E9F4 /* SettingView.swift */; };
		54FD0E762B7F9CDE00A3E9F4 /* SalaryView.swift in Sources */ = {isa = PBXBuildFile; fileRef = 54FD0E752B7F9CDE00A3E9F4 /* SalaryView.swift */; };
		54FD0E782B7F9CEE00A3E9F4 /* ShiftView.swift in Sources */ = {isa = PBXBuildFile; fileRef = 54FD0E772B7F9CEE00A3E9F4 /* ShiftView.swift */; };
		54FD0E7C2B822BC100A3E9F4 /* CalendarSettingView.swift in Sources */ = {isa = PBXBuildFile; fileRef = 54FD0E7B2B822BC100A3E9F4 /* CalendarSettingView.swift */; };
		54FEEFEE2B899F75002A3BCC /* BreakPicker.swift in Sources */ = {isa = PBXBuildFile; fileRef = 54FEEFED2B899F75002A3BCC /* BreakPicker.swift */; };
		54FEEFF02B89A847002A3BCC /* JobAddView.swift in Sources */ = {isa = PBXBuildFile; fileRef = 54FEEFEF2B89A847002A3BCC /* JobAddView.swift */; };
		54FEEFF42B89BC53002A3BCC /* WageHistoryView.swift in Sources */ = {isa = PBXBuildFile; fileRef = 54FEEFF32B89BC53002A3BCC /* WageHistoryView.swift */; };
		54FEEFF92B89DE16002A3BCC /* Algorithms in Frameworks */ = {isa = PBXBuildFile; productRef = 54FEEFF82B89DE16002A3BCC /* Algorithms */; };
		54FEEFFB2B89FB7D002A3BCC /* JobEditView.swift in Sources */ = {isa = PBXBuildFile; fileRef = 54FEEFFA2B89FB7D002A3BCC /* JobEditView.swift */; };
/* End PBXBuildFile section */

/* Begin PBXFileReference section */
		233EFDE9A8CBFF5CBD760845 /* Pods_JobShift.framework */ = {isa = PBXFileReference; explicitFileType = wrapper.framework; includeInIndex = 0; path = Pods_JobShift.framework; sourceTree = BUILT_PRODUCTS_DIR; };
		472BF2ABAC465F0A40AB1A9B /* Pods-JobShift.debug.xcconfig */ = {isa = PBXFileReference; includeInIndex = 1; lastKnownFileType = text.xcconfig; name = "Pods-JobShift.debug.xcconfig"; path = "Target Support Files/Pods-JobShift/Pods-JobShift.debug.xcconfig"; sourceTree = "<group>"; };
		540E33D12B88344400ADABA9 /* JobSettingView.swift */ = {isa = PBXFileReference; lastKnownFileType = sourcecode.swift; path = JobSettingView.swift; sourceTree = "<group>"; };
		541ECF5B2B25F67D00A8E091 /* EventStore.swift */ = {isa = PBXFileReference; lastKnownFileType = sourcecode.swift; path = EventStore.swift; sourceTree = "<group>"; };
		5423A9312B2D29FB004B88C7 /* Job.swift */ = {isa = PBXFileReference; lastKnownFileType = sourcecode.swift; path = Job.swift; sourceTree = "<group>"; };
		54303BC52B27409100F6485E /* CalendarManager.swift */ = {isa = PBXFileReference; lastKnownFileType = sourcecode.swift; path = CalendarManager.swift; sourceTree = "<group>"; };
		543340EE2B3D83B7002C302A /* JobShift.entitlements */ = {isa = PBXFileReference; lastKnownFileType = text.plist.entitlements; path = JobShift.entitlements; sourceTree = "<group>"; };
		543340EF2B3DD725002C302A /* README.md */ = {isa = PBXFileReference; lastKnownFileType = net.daringfireball.markdown; path = README.md; sourceTree = "<group>"; };
		5442B4042B9414800047434B /* AppState.swift */ = {isa = PBXFileReference; lastKnownFileType = sourcecode.swift; path = AppState.swift; sourceTree = "<group>"; };
		5442B4062B9444EA0047434B /* LaunchScreenViewModel.swift */ = {isa = PBXFileReference; lastKnownFileType = sourcecode.swift; path = LaunchScreenViewModel.swift; sourceTree = "<group>"; };
		5442B4082B945B940047434B /* OnboardingViewModel.swift */ = {isa = PBXFileReference; lastKnownFileType = sourcecode.swift; path = OnboardingViewModel.swift; sourceTree = "<group>"; };
		5442B40A2B945D440047434B /* ContentViewModel.swift */ = {isa = PBXFileReference; lastKnownFileType = sourcecode.swift; path = ContentViewModel.swift; sourceTree = "<group>"; };
		5442B40D2B94602B0047434B /* SettingViewModel.swift */ = {isa = PBXFileReference; lastKnownFileType = sourcecode.swift; path = SettingViewModel.swift; sourceTree = "<group>"; };
		5442B4102B9463B00047434B /* CalendarSettingViewModel.swift */ = {isa = PBXFileReference; lastKnownFileType = sourcecode.swift; path = CalendarSettingViewModel.swift; sourceTree = "<group>"; };
		5442B4132B946F3E0047434B /* JobSettingViewModel.swift */ = {isa = PBXFileReference; lastKnownFileType = sourcecode.swift; path = JobSettingViewModel.swift; sourceTree = "<group>"; };
		5442B4152B9473800047434B /* JobFormViewModel.swift */ = {isa = PBXFileReference; lastKnownFileType = sourcecode.swift; path = JobFormViewModel.swift; sourceTree = "<group>"; };
		5442B4172B94800B0047434B /* JobAddViewModel.swift */ = {isa = PBXFileReference; lastKnownFileType = sourcecode.swift; path = JobAddViewModel.swift; sourceTree = "<group>"; };
		5442B41B2B95D6510047434B /* WageAddView.swift */ = {isa = PBXFileReference; lastKnownFileType = sourcecode.swift; path = WageAddView.swift; sourceTree = "<group>"; };
		5442B41F2B95E6EB0047434B /* JobEditViewModel.swift */ = {isa = PBXFileReference; lastKnownFileType = sourcecode.swift; name = JobEditViewModel.swift; path = JobShift/ViewModel/Setting/Job/JobEditViewModel.swift; sourceTree = SOURCE_ROOT; };
		5442B4212B95FED00047434B /* OTJobFormViewModel.swift */ = {isa = PBXFileReference; lastKnownFileType = sourcecode.swift; path = OTJobFormViewModel.swift; sourceTree = "<group>"; };
		5442B4292B9602270047434B /* OTJobAddViewModel.swift */ = {isa = PBXFileReference; lastKnownFileType = sourcecode.swift; path = OTJobAddViewModel.swift; sourceTree = "<group>"; };
		5442B42B2B9606660047434B /* OTJobEditViewModel.swift */ = {isa = PBXFileReference; lastKnownFileType = sourcecode.swift; path = OTJobEditViewModel.swift; sourceTree = "<group>"; };
		5442B42E2B9609850047434B /* ShiftViewModel.swift */ = {isa = PBXFileReference; lastKnownFileType = sourcecode.swift; path = ShiftViewModel.swift; sourceTree = "<group>"; };
		5453AE552B8CDB970053B72D /* ShiftSheetView.swift */ = {isa = PBXFileReference; lastKnownFileType = sourcecode.swift; path = ShiftSheetView.swift; sourceTree = "<group>"; };
		545A9CE92B7F810A0065487C /* ContentView.swift */ = {isa = PBXFileReference; lastKnownFileType = sourcecode.swift; path = ContentView.swift; sourceTree = "<group>"; };
		546D43DC2B7DE4940027D044 /* LaunchScreen.swift */ = {isa = PBXFileReference; lastKnownFileType = sourcecode.swift; path = LaunchScreen.swift; sourceTree = "<group>"; };
		546D43E32B7E00C40027D044 /* shapes.riv */ = {isa = PBXFileReference; lastKnownFileType = file; path = shapes.riv; sourceTree = "<group>"; };
		54B74E232B8A1572005DA634 /* OnWillDisappear.swift */ = {isa = PBXFileReference; lastKnownFileType = sourcecode.swift; path = OnWillDisappear.swift; sourceTree = "<group>"; };
		54B74E252B8A1D1B005DA634 /* OnboardingView.swift */ = {isa = PBXFileReference; lastKnownFileType = sourcecode.swift; path = OnboardingView.swift; sourceTree = "<group>"; };
		54BC8BA12B8B095D00ACAC4A /* CalendarView.swift */ = {isa = PBXFileReference; lastKnownFileType = sourcecode.swift; path = CalendarView.swift; sourceTree = "<group>"; };
		54BC8BA62B8B35C300ACAC4A /* Tab.swift */ = {isa = PBXFileReference; lastKnownFileType = sourcecode.swift; path = Tab.swift; sourceTree = "<group>"; };
		54BC8BA82B8BACCE00ACAC4A /* ButtomSheetHelper.swift */ = {isa = PBXFileReference; lastKnownFileType = sourcecode.swift; path = ButtomSheetHelper.swift; sourceTree = "<group>"; };
		54C18E4E2B886CFA002E51D7 /* SwiftDataSource.swift */ = {isa = PBXFileReference; lastKnownFileType = sourcecode.swift; path = SwiftDataSource.swift; sourceTree = "<group>"; };
		54C18E502B8877F3002E51D7 /* DateExtension.swift */ = {isa = PBXFileReference; lastKnownFileType = sourcecode.swift; path = DateExtension.swift; sourceTree = "<group>"; };
		54C18E522B888B39002E51D7 /* OTJobFormView.swift */ = {isa = PBXFileReference; lastKnownFileType = sourcecode.swift; path = OTJobFormView.swift; sourceTree = "<group>"; };
		54C18E542B888F89002E51D7 /* OTJobAddView.swift */ = {isa = PBXFileReference; lastKnownFileType = sourcecode.swift; path = OTJobAddView.swift; sourceTree = "<group>"; };
		54E2AD802B88C71D008A9A77 /* OTJobEditView.swift */ = {isa = PBXFileReference; lastKnownFileType = sourcecode.swift; path = OTJobEditView.swift; sourceTree = "<group>"; };
		54E2AD822B88DD89008A9A77 /* JobFormView.swift */ = {isa = PBXFileReference; lastKnownFileType = sourcecode.swift; path = JobFormView.swift; sourceTree = "<group>"; };
		54E3931E2B25A8E20002D4EB /* .gitignore */ = {isa = PBXFileReference; lastKnownFileType = text; path = .gitignore; sourceTree = "<group>"; };
		54E393232B25AD8C0002D4EB /* Info.plist */ = {isa = PBXFileReference; lastKnownFileType = text.plist; path = Info.plist; sourceTree = "<group>"; };
		54ECCDB02B8F2A2A00847BB6 /* EventHelper.swift */ = {isa = PBXFileReference; lastKnownFileType = sourcecode.swift; path = EventHelper.swift; sourceTree = "<group>"; };
		54F737882B259702004A4975 /* JobShift.app */ = {isa = PBXFileReference; explicitFileType = wrapper.application; includeInIndex = 0; path = JobShift.app; sourceTree = BUILT_PRODUCTS_DIR; };
		54F7378B2B259702004A4975 /* JobShiftApp.swift */ = {isa = PBXFileReference; lastKnownFileType = sourcecode.swift; path = JobShiftApp.swift; sourceTree = "<group>"; };
		54F737912B259703004A4975 /* Assets.xcassets */ = {isa = PBXFileReference; lastKnownFileType = folder.assetcatalog; path = Assets.xcassets; sourceTree = "<group>"; };
		54F737942B259703004A4975 /* Preview Assets.xcassets */ = {isa = PBXFileReference; lastKnownFileType = folder.assetcatalog; path = "Preview Assets.xcassets"; sourceTree = "<group>"; };
		54FD0E6F2B7F9C2F00A3E9F4 /* SettingView.swift */ = {isa = PBXFileReference; lastKnownFileType = sourcecode.swift; path = SettingView.swift; sourceTree = "<group>"; };
		54FD0E752B7F9CDE00A3E9F4 /* SalaryView.swift */ = {isa = PBXFileReference; lastKnownFileType = sourcecode.swift; path = SalaryView.swift; sourceTree = "<group>"; };
		54FD0E772B7F9CEE00A3E9F4 /* ShiftView.swift */ = {isa = PBXFileReference; lastKnownFileType = sourcecode.swift; path = ShiftView.swift; sourceTree = "<group>"; };
		54FD0E7B2B822BC100A3E9F4 /* CalendarSettingView.swift */ = {isa = PBXFileReference; lastKnownFileType = sourcecode.swift; path = CalendarSettingView.swift; sourceTree = "<group>"; };
		54FEEFED2B899F75002A3BCC /* BreakPicker.swift */ = {isa = PBXFileReference; lastKnownFileType = sourcecode.swift; path = BreakPicker.swift; sourceTree = "<group>"; };
		54FEEFEF2B89A847002A3BCC /* JobAddView.swift */ = {isa = PBXFileReference; lastKnownFileType = sourcecode.swift; path = JobAddView.swift; sourceTree = "<group>"; };
		54FEEFF32B89BC53002A3BCC /* WageHistoryView.swift */ = {isa = PBXFileReference; lastKnownFileType = sourcecode.swift; path = WageHistoryView.swift; sourceTree = "<group>"; };
		54FEEFFA2B89FB7D002A3BCC /* JobEditView.swift */ = {isa = PBXFileReference; lastKnownFileType = sourcecode.swift; path = JobEditView.swift; sourceTree = "<group>"; };
		865D90C72E6BE4CE65C8E084 /* Pods-JobShift.release.xcconfig */ = {isa = PBXFileReference; includeInIndex = 1; lastKnownFileType = text.xcconfig; name = "Pods-JobShift.release.xcconfig"; path = "Target Support Files/Pods-JobShift/Pods-JobShift.release.xcconfig"; sourceTree = "<group>"; };
/* End PBXFileReference section */

/* Begin PBXFrameworksBuildPhase section */
		54F737852B259702004A4975 /* Frameworks */ = {
			isa = PBXFrameworksBuildPhase;
			buildActionMask = 2147483647;
			files = (
				54FEEFF92B89DE16002A3BCC /* Algorithms in Frameworks */,
				545A9CE42B7E06A40065487C /* RiveRuntime in Frameworks */,
				547EB5E62B32877800D9E2E8 /* Collections in Frameworks */,
				267E76741F20AECAE5312E2B /* Pods_JobShift.framework in Frameworks */,
				54B74E292B8A2B22005DA634 /* CachedAsyncImage in Frameworks */,
				547EB5EA2B32877800D9E2E8 /* OrderedCollections in Frameworks */,
				547EB5E82B32877800D9E2E8 /* DequeModule in Frameworks */,
			);
			runOnlyForDeploymentPostprocessing = 0;
		};
/* End PBXFrameworksBuildPhase section */

/* Begin PBXGroup section */
		540E33D02B88341400ADABA9 /* Job */ = {
			isa = PBXGroup;
			children = (
				540E33D12B88344400ADABA9 /* JobSettingView.swift */,
				54E2AD822B88DD89008A9A77 /* JobFormView.swift */,
				54FEEFEF2B89A847002A3BCC /* JobAddView.swift */,
				54FEEFFA2B89FB7D002A3BCC /* JobEditView.swift */,
				54C18E522B888B39002E51D7 /* OTJobFormView.swift */,
				54C18E542B888F89002E51D7 /* OTJobAddView.swift */,
				54E2AD802B88C71D008A9A77 /* OTJobEditView.swift */,
				54FEEFF32B89BC53002A3BCC /* WageHistoryView.swift */,
				5442B41B2B95D6510047434B /* WageAddView.swift */,
				54FEEFED2B899F75002A3BCC /* BreakPicker.swift */,
			);
			path = Job;
			sourceTree = "<group>";
		};
		5442B4022B9406ED0047434B /* ViewModel */ = {
			isa = PBXGroup;
			children = (
				5442B4062B9444EA0047434B /* LaunchScreenViewModel.swift */,
				5442B4082B945B940047434B /* OnboardingViewModel.swift */,
				5442B40A2B945D440047434B /* ContentViewModel.swift */,
				5442B42D2B9609450047434B /* Shift */,
				5442B40C2B94600F0047434B /* Setting */,
			);
			path = ViewModel;
			sourceTree = "<group>";
		};
		5442B4032B940CAE0047434B /* SwiftData */ = {
			isa = PBXGroup;
			children = (
				5423A9312B2D29FB004B88C7 /* Job.swift */,
			);
			path = SwiftData;
			sourceTree = "<group>";
		};
		5442B40C2B94600F0047434B /* Setting */ = {
			isa = PBXGroup;
			children = (
				5442B40D2B94602B0047434B /* SettingViewModel.swift */,
				5442B40F2B9463970047434B /* Calendar */,
				5442B4122B946F2A0047434B /* Job */,
			);
			path = Setting;
			sourceTree = "<group>";
		};
		5442B40F2B9463970047434B /* Calendar */ = {
			isa = PBXGroup;
			children = (
				5442B4102B9463B00047434B /* CalendarSettingViewModel.swift */,
			);
			path = Calendar;
			sourceTree = "<group>";
		};
		5442B4122B946F2A0047434B /* Job */ = {
			isa = PBXGroup;
			children = (
				5442B4132B946F3E0047434B /* JobSettingViewModel.swift */,
				5442B4152B9473800047434B /* JobFormViewModel.swift */,
				5442B4172B94800B0047434B /* JobAddViewModel.swift */,
				5442B41F2B95E6EB0047434B /* JobEditViewModel.swift */,
				5442B4212B95FED00047434B /* OTJobFormViewModel.swift */,
				5442B4292B9602270047434B /* OTJobAddViewModel.swift */,
				5442B42B2B9606660047434B /* OTJobEditViewModel.swift */,
			);
			path = Job;
			sourceTree = "<group>";
		};
		5442B42D2B9609450047434B /* Shift */ = {
			isa = PBXGroup;
			children = (
				5442B42E2B9609850047434B /* ShiftViewModel.swift */,
			);
			path = Shift;
			sourceTree = "<group>";
		};
		546D43DB2B7DE4520027D044 /* View */ = {
			isa = PBXGroup;
			children = (
				546D43DC2B7DE4940027D044 /* LaunchScreen.swift */,
				54B74E252B8A1D1B005DA634 /* OnboardingView.swift */,
				545A9CE92B7F810A0065487C /* ContentView.swift */,
				54FD0E742B7F9CCC00A3E9F4 /* Shift */,
				54FD0E732B7F9CB600A3E9F4 /* Salary */,
				54FD0E6E2B7F9C2400A3E9F4 /* Setting */,
			);
			path = View;
			sourceTree = "<group>";
		};
		546D43DE2B7E00C40027D044 /* RiveAssets */ = {
			isa = PBXGroup;
			children = (
				546D43E32B7E00C40027D044 /* shapes.riv */,
			);
			path = RiveAssets;
			sourceTree = "<group>";
		};
		54C18E562B889185002E51D7 /* Lib */ = {
			isa = PBXGroup;
			children = (
				54BC8BA62B8B35C300ACAC4A /* Tab.swift */,
				54C18E502B8877F3002E51D7 /* DateExtension.swift */,
				54BC8BA82B8BACCE00ACAC4A /* ButtomSheetHelper.swift */,
				54B74E232B8A1572005DA634 /* OnWillDisappear.swift */,
				54ECCDB02B8F2A2A00847BB6 /* EventHelper.swift */,
			);
			path = Lib;
			sourceTree = "<group>";
		};
		54F7377F2B259701004A4975 = {
			isa = PBXGroup;
			children = (
				543340EF2B3DD725002C302A /* README.md */,
				54E3931E2B25A8E20002D4EB /* .gitignore */,
				54F7378A2B259702004A4975 /* JobShift */,
				546D43DE2B7E00C40027D044 /* RiveAssets */,
				54F737892B259702004A4975 /* Products */,
				DE391D74ECBFFFD5C280C33E /* Pods */,
				9D2333F9318687C0A0BAE3FE /* Frameworks */,
			);
			sourceTree = "<group>";
		};
		54F737892B259702004A4975 /* Products */ = {
			isa = PBXGroup;
			children = (
				54F737882B259702004A4975 /* JobShift.app */,
			);
			name = Products;
			sourceTree = "<group>";
		};
		54F7378A2B259702004A4975 /* JobShift */ = {
			isa = PBXGroup;
			children = (
				543340EE2B3D83B7002C302A /* JobShift.entitlements */,
				54E393232B25AD8C0002D4EB /* Info.plist */,
				54F7378B2B259702004A4975 /* JobShiftApp.swift */,
				5442B4032B940CAE0047434B /* SwiftData */,
				54C18E562B889185002E51D7 /* Lib */,
				546D43DB2B7DE4520027D044 /* View */,
				5442B4022B9406ED0047434B /* ViewModel */,
				54F7379E2B259A9B004A4975 /* Store */,
				54F737912B259703004A4975 /* Assets.xcassets */,
				54F737932B259703004A4975 /* Preview Content */,
			);
			path = JobShift;
			sourceTree = "<group>";
		};
		54F737932B259703004A4975 /* Preview Content */ = {
			isa = PBXGroup;
			children = (
				54F737942B259703004A4975 /* Preview Assets.xcassets */,
			);
			path = "Preview Content";
			sourceTree = "<group>";
		};
		54F7379E2B259A9B004A4975 /* Store */ = {
			isa = PBXGroup;
			children = (
				5442B4042B9414800047434B /* AppState.swift */,
				54C18E4E2B886CFA002E51D7 /* SwiftDataSource.swift */,
				54303BC52B27409100F6485E /* CalendarManager.swift */,
				541ECF5B2B25F67D00A8E091 /* EventStore.swift */,
			);
			path = Store;
			sourceTree = "<group>";
		};
		54FD0E6E2B7F9C2400A3E9F4 /* Setting */ = {
			isa = PBXGroup;
			children = (
				54FD0E6F2B7F9C2F00A3E9F4 /* SettingView.swift */,
				54FD0E7D2B822C8B00A3E9F4 /* Calendar */,
				540E33D02B88341400ADABA9 /* Job */,
			);
			path = Setting;
			sourceTree = "<group>";
		};
		54FD0E732B7F9CB600A3E9F4 /* Salary */ = {
			isa = PBXGroup;
			children = (
				54FD0E752B7F9CDE00A3E9F4 /* SalaryView.swift */,
			);
			path = Salary;
			sourceTree = "<group>";
		};
		54FD0E742B7F9CCC00A3E9F4 /* Shift */ = {
			isa = PBXGroup;
			children = (
				54FD0E772B7F9CEE00A3E9F4 /* ShiftView.swift */,
				5453AE552B8CDB970053B72D /* ShiftSheetView.swift */,
				54BC8BA12B8B095D00ACAC4A /* CalendarView.swift */,
			);
			path = Shift;
			sourceTree = "<group>";
		};
		54FD0E7D2B822C8B00A3E9F4 /* Calendar */ = {
			isa = PBXGroup;
			children = (
				54FD0E7B2B822BC100A3E9F4 /* CalendarSettingView.swift */,
			);
			path = Calendar;
			sourceTree = "<group>";
		};
		9D2333F9318687C0A0BAE3FE /* Frameworks */ = {
			isa = PBXGroup;
			children = (
				233EFDE9A8CBFF5CBD760845 /* Pods_JobShift.framework */,
			);
			name = Frameworks;
			sourceTree = "<group>";
		};
		DE391D74ECBFFFD5C280C33E /* Pods */ = {
			isa = PBXGroup;
			children = (
				472BF2ABAC465F0A40AB1A9B /* Pods-JobShift.debug.xcconfig */,
				865D90C72E6BE4CE65C8E084 /* Pods-JobShift.release.xcconfig */,
			);
			path = Pods;
			sourceTree = "<group>";
		};
/* End PBXGroup section */

/* Begin PBXNativeTarget section */
		54F737872B259702004A4975 /* JobShift */ = {
			isa = PBXNativeTarget;
			buildConfigurationList = 54F737982B259703004A4975 /* Build configuration list for PBXNativeTarget "JobShift" */;
			buildPhases = (
				CE78132DFD88449421F55B46 /* [CP] Check Pods Manifest.lock */,
				54F737842B259702004A4975 /* Sources */,
				54F737852B259702004A4975 /* Frameworks */,
				54F737862B259702004A4975 /* Resources */,
				FE79B011181F1A2FDB55FE91 /* [CP] Embed Pods Frameworks */,
			);
			buildRules = (
			);
			dependencies = (
			);
			name = JobShift;
			packageProductDependencies = (
				547EB5E52B32877800D9E2E8 /* Collections */,
				547EB5E72B32877800D9E2E8 /* DequeModule */,
				547EB5E92B32877800D9E2E8 /* OrderedCollections */,
				545A9CE32B7E06A40065487C /* RiveRuntime */,
				54FEEFF82B89DE16002A3BCC /* Algorithms */,
				54B74E282B8A2B22005DA634 /* CachedAsyncImage */,
			);
			productName = JobShift;
			productReference = 54F737882B259702004A4975 /* JobShift.app */;
			productType = "com.apple.product-type.application";
		};
/* End PBXNativeTarget section */

/* Begin PBXProject section */
		54F737802B259701004A4975 /* Project object */ = {
			isa = PBXProject;
			attributes = {
				BuildIndependentTargetsInParallel = 1;
				LastSwiftUpdateCheck = 1500;
				LastUpgradeCheck = 1500;
				TargetAttributes = {
					54F737872B259702004A4975 = {
						CreatedOnToolsVersion = 15.0;
					};
				};
			};
			buildConfigurationList = 54F737832B259701004A4975 /* Build configuration list for PBXProject "JobShift" */;
			compatibilityVersion = "Xcode 14.0";
			developmentRegion = en;
			hasScannedForEncodings = 0;
			knownRegions = (
				en,
				Base,
			);
			mainGroup = 54F7377F2B259701004A4975;
			packageReferences = (
				547EB5E42B32877800D9E2E8 /* XCRemoteSwiftPackageReference "swift-collections" */,
				545A9CE22B7E06A40065487C /* XCRemoteSwiftPackageReference "rive-ios" */,
				54FEEFF72B89DE16002A3BCC /* XCRemoteSwiftPackageReference "swift-algorithms" */,
				54B74E272B8A2B21005DA634 /* XCRemoteSwiftPackageReference "swiftui-cached-async-image" */,
			);
			productRefGroup = 54F737892B259702004A4975 /* Products */;
			projectDirPath = "";
			projectRoot = "";
			targets = (
				54F737872B259702004A4975 /* JobShift */,
			);
		};
/* End PBXProject section */

/* Begin PBXResourcesBuildPhase section */
		54F737862B259702004A4975 /* Resources */ = {
			isa = PBXResourcesBuildPhase;
			buildActionMask = 2147483647;
			files = (
				54F737952B259703004A4975 /* Preview Assets.xcassets in Resources */,
				54E3931F2B25A8E20002D4EB /* .gitignore in Resources */,
				54F737922B259703004A4975 /* Assets.xcassets in Resources */,
				546D43EA2B7E00C50027D044 /* shapes.riv in Resources */,
			);
			runOnlyForDeploymentPostprocessing = 0;
		};
/* End PBXResourcesBuildPhase section */

/* Begin PBXShellScriptBuildPhase section */
		CE78132DFD88449421F55B46 /* [CP] Check Pods Manifest.lock */ = {
			isa = PBXShellScriptBuildPhase;
			buildActionMask = 2147483647;
			files = (
			);
			inputFileListPaths = (
			);
			inputPaths = (
				"${PODS_PODFILE_DIR_PATH}/Podfile.lock",
				"${PODS_ROOT}/Manifest.lock",
			);
			name = "[CP] Check Pods Manifest.lock";
			outputFileListPaths = (
			);
			outputPaths = (
				"$(DERIVED_FILE_DIR)/Pods-JobShift-checkManifestLockResult.txt",
			);
			runOnlyForDeploymentPostprocessing = 0;
			shellPath = /bin/sh;
			shellScript = "diff \"${PODS_PODFILE_DIR_PATH}/Podfile.lock\" \"${PODS_ROOT}/Manifest.lock\" > /dev/null\nif [ $? != 0 ] ; then\n    # print error to STDERR\n    echo \"error: The sandbox is not in sync with the Podfile.lock. Run 'pod install' or update your CocoaPods installation.\" >&2\n    exit 1\nfi\n# This output is used by Xcode 'outputs' to avoid re-running this script phase.\necho \"SUCCESS\" > \"${SCRIPT_OUTPUT_FILE_0}\"\n";
			showEnvVarsInLog = 0;
		};
		FE79B011181F1A2FDB55FE91 /* [CP] Embed Pods Frameworks */ = {
			isa = PBXShellScriptBuildPhase;
			buildActionMask = 2147483647;
			files = (
			);
			inputFileListPaths = (
				"${PODS_ROOT}/Target Support Files/Pods-JobShift/Pods-JobShift-frameworks-${CONFIGURATION}-input-files.xcfilelist",
			);
			name = "[CP] Embed Pods Frameworks";
			outputFileListPaths = (
				"${PODS_ROOT}/Target Support Files/Pods-JobShift/Pods-JobShift-frameworks-${CONFIGURATION}-output-files.xcfilelist",
			);
			runOnlyForDeploymentPostprocessing = 0;
			shellPath = /bin/sh;
			shellScript = "\"${PODS_ROOT}/Target Support Files/Pods-JobShift/Pods-JobShift-frameworks.sh\"\n";
			showEnvVarsInLog = 0;
		};
/* End PBXShellScriptBuildPhase section */

/* Begin PBXSourcesBuildPhase section */
		54F737842B259702004A4975 /* Sources */ = {
			isa = PBXSourcesBuildPhase;
			buildActionMask = 2147483647;
			files = (
				54C18E532B888B39002E51D7 /* OTJobFormView.swift in Sources */,
				5442B4222B95FED00047434B /* OTJobFormViewModel.swift in Sources */,
				546D43DD2B7DE4940027D044 /* LaunchScreen.swift in Sources */,
				5442B42C2B9606660047434B /* OTJobEditViewModel.swift in Sources */,
				54FD0E702B7F9C2F00A3E9F4 /* SettingView.swift in Sources */,
				5442B4072B9444EA0047434B /* LaunchScreenViewModel.swift in Sources */,
				54C18E4F2B886CFA002E51D7 /* SwiftDataSource.swift in Sources */,
				5453AE562B8CDB970053B72D /* ShiftSheetView.swift in Sources */,
				5442B4142B946F3E0047434B /* JobSettingViewModel.swift in Sources */,
				5442B42F2B9609850047434B /* ShiftViewModel.swift in Sources */,
				5442B42A2B9602270047434B /* OTJobAddViewModel.swift in Sources */,
				54FD0E762B7F9CDE00A3E9F4 /* SalaryView.swift in Sources */,
				5442B4162B9473800047434B /* JobFormViewModel.swift in Sources */,
				54C18E512B8877F3002E51D7 /* DateExtension.swift in Sources */,
				54FEEFF42B89BC53002A3BCC /* WageHistoryView.swift in Sources */,
				54FD0E7C2B822BC100A3E9F4 /* CalendarSettingView.swift in Sources */,
				54ECCDB12B8F2A2A00847BB6 /* EventHelper.swift in Sources */,
				54BC8BA72B8B35C300ACAC4A /* Tab.swift in Sources */,
				5423A9322B2D29FB004B88C7 /* Job.swift in Sources */,
				54BC8BA22B8B095D00ACAC4A /* CalendarView.swift in Sources */,
				5442B4182B94800B0047434B /* JobAddViewModel.swift in Sources */,
				54FEEFFB2B89FB7D002A3BCC /* JobEditView.swift in Sources */,
				54B74E262B8A1D1B005DA634 /* OnboardingView.swift in Sources */,
				54BC8BA92B8BACCE00ACAC4A /* ButtomSheetHelper.swift in Sources */,
				54C18E552B888F89002E51D7 /* OTJobAddView.swift in Sources */,
				541ECF5C2B25F67D00A8E091 /* EventStore.swift in Sources */,
				545A9CEA2B7F810A0065487C /* ContentView.swift in Sources */,
				540E33D22B88344400ADABA9 /* JobSettingView.swift in Sources */,
				54303BC62B27409100F6485E /* CalendarManager.swift in Sources */,
				54B74E242B8A1572005DA634 /* OnWillDisappear.swift in Sources */,
				54FEEFF02B89A847002A3BCC /* JobAddView.swift in Sources */,
				5442B40B2B945D440047434B /* ContentViewModel.swift in Sources */,
				54E2AD832B88DD89008A9A77 /* JobFormView.swift in Sources */,
				5442B4112B9463B00047434B /* CalendarSettingViewModel.swift in Sources */,
				5442B4202B95E6EB0047434B /* JobEditViewModel.swift in Sources */,
				54E2AD812B88C71D008A9A77 /* OTJobEditView.swift in Sources */,
				5442B4092B945B940047434B /* OnboardingViewModel.swift in Sources */,
				5442B40E2B94602B0047434B /* SettingViewModel.swift in Sources */,
				54FEEFEE2B899F75002A3BCC /* BreakPicker.swift in Sources */,
				54F7378C2B259702004A4975 /* JobShiftApp.swift in Sources */,
				54FD0E782B7F9CEE00A3E9F4 /* ShiftView.swift in Sources */,
				5442B41C2B95D6510047434B /* WageAddView.swift in Sources */,
				5442B4052B9414800047434B /* AppState.swift in Sources */,
			);
			runOnlyForDeploymentPostprocessing = 0;
		};
/* End PBXSourcesBuildPhase section */

/* Begin XCBuildConfiguration section */
		54F737962B259703004A4975 /* Debug */ = {
			isa = XCBuildConfiguration;
			buildSettings = {
				ALWAYS_SEARCH_USER_PATHS = NO;
				ASSETCATALOG_COMPILER_GENERATE_SWIFT_ASSET_SYMBOL_EXTENSIONS = YES;
				CLANG_ANALYZER_NONNULL = YES;
				CLANG_ANALYZER_NUMBER_OBJECT_CONVERSION = YES_AGGRESSIVE;
				CLANG_CXX_LANGUAGE_STANDARD = "gnu++20";
				CLANG_ENABLE_MODULES = YES;
				CLANG_ENABLE_OBJC_ARC = YES;
				CLANG_ENABLE_OBJC_WEAK = YES;
				CLANG_WARN_BLOCK_CAPTURE_AUTORELEASING = YES;
				CLANG_WARN_BOOL_CONVERSION = YES;
				CLANG_WARN_COMMA = YES;
				CLANG_WARN_CONSTANT_CONVERSION = YES;
				CLANG_WARN_DEPRECATED_OBJC_IMPLEMENTATIONS = YES;
				CLANG_WARN_DIRECT_OBJC_ISA_USAGE = YES_ERROR;
				CLANG_WARN_DOCUMENTATION_COMMENTS = YES;
				CLANG_WARN_EMPTY_BODY = YES;
				CLANG_WARN_ENUM_CONVERSION = YES;
				CLANG_WARN_INFINITE_RECURSION = YES;
				CLANG_WARN_INT_CONVERSION = YES;
				CLANG_WARN_NON_LITERAL_NULL_CONVERSION = YES;
				CLANG_WARN_OBJC_IMPLICIT_RETAIN_SELF = YES;
				CLANG_WARN_OBJC_LITERAL_CONVERSION = YES;
				CLANG_WARN_OBJC_ROOT_CLASS = YES_ERROR;
				CLANG_WARN_QUOTED_INCLUDE_IN_FRAMEWORK_HEADER = YES;
				CLANG_WARN_RANGE_LOOP_ANALYSIS = YES;
				CLANG_WARN_STRICT_PROTOTYPES = YES;
				CLANG_WARN_SUSPICIOUS_MOVE = YES;
				CLANG_WARN_UNGUARDED_AVAILABILITY = YES_AGGRESSIVE;
				CLANG_WARN_UNREACHABLE_CODE = YES;
				CLANG_WARN__DUPLICATE_METHOD_MATCH = YES;
				COPY_PHASE_STRIP = NO;
				DEBUG_INFORMATION_FORMAT = dwarf;
				ENABLE_STRICT_OBJC_MSGSEND = YES;
				ENABLE_TESTABILITY = YES;
				ENABLE_USER_SCRIPT_SANDBOXING = YES;
				GCC_C_LANGUAGE_STANDARD = gnu17;
				GCC_DYNAMIC_NO_PIC = NO;
				GCC_NO_COMMON_BLOCKS = YES;
				GCC_OPTIMIZATION_LEVEL = 0;
				GCC_PREPROCESSOR_DEFINITIONS = (
					"DEBUG=1",
					"$(inherited)",
				);
				GCC_WARN_64_TO_32_BIT_CONVERSION = YES;
				GCC_WARN_ABOUT_RETURN_TYPE = YES_ERROR;
				GCC_WARN_UNDECLARED_SELECTOR = YES;
				GCC_WARN_UNINITIALIZED_AUTOS = YES_AGGRESSIVE;
				GCC_WARN_UNUSED_FUNCTION = YES;
				GCC_WARN_UNUSED_VARIABLE = YES;
				IPHONEOS_DEPLOYMENT_TARGET = 17.0;
				LOCALIZATION_PREFERS_STRING_CATALOGS = YES;
				MTL_ENABLE_DEBUG_INFO = INCLUDE_SOURCE;
				MTL_FAST_MATH = YES;
				ONLY_ACTIVE_ARCH = YES;
				SDKROOT = iphoneos;
				SWIFT_ACTIVE_COMPILATION_CONDITIONS = "DEBUG $(inherited)";
				SWIFT_OPTIMIZATION_LEVEL = "-Onone";
			};
			name = Debug;
		};
		54F737972B259703004A4975 /* Release */ = {
			isa = XCBuildConfiguration;
			buildSettings = {
				ALWAYS_SEARCH_USER_PATHS = NO;
				ASSETCATALOG_COMPILER_GENERATE_SWIFT_ASSET_SYMBOL_EXTENSIONS = YES;
				CLANG_ANALYZER_NONNULL = YES;
				CLANG_ANALYZER_NUMBER_OBJECT_CONVERSION = YES_AGGRESSIVE;
				CLANG_CXX_LANGUAGE_STANDARD = "gnu++20";
				CLANG_ENABLE_MODULES = YES;
				CLANG_ENABLE_OBJC_ARC = YES;
				CLANG_ENABLE_OBJC_WEAK = YES;
				CLANG_WARN_BLOCK_CAPTURE_AUTORELEASING = YES;
				CLANG_WARN_BOOL_CONVERSION = YES;
				CLANG_WARN_COMMA = YES;
				CLANG_WARN_CONSTANT_CONVERSION = YES;
				CLANG_WARN_DEPRECATED_OBJC_IMPLEMENTATIONS = YES;
				CLANG_WARN_DIRECT_OBJC_ISA_USAGE = YES_ERROR;
				CLANG_WARN_DOCUMENTATION_COMMENTS = YES;
				CLANG_WARN_EMPTY_BODY = YES;
				CLANG_WARN_ENUM_CONVERSION = YES;
				CLANG_WARN_INFINITE_RECURSION = YES;
				CLANG_WARN_INT_CONVERSION = YES;
				CLANG_WARN_NON_LITERAL_NULL_CONVERSION = YES;
				CLANG_WARN_OBJC_IMPLICIT_RETAIN_SELF = YES;
				CLANG_WARN_OBJC_LITERAL_CONVERSION = YES;
				CLANG_WARN_OBJC_ROOT_CLASS = YES_ERROR;
				CLANG_WARN_QUOTED_INCLUDE_IN_FRAMEWORK_HEADER = YES;
				CLANG_WARN_RANGE_LOOP_ANALYSIS = YES;
				CLANG_WARN_STRICT_PROTOTYPES = YES;
				CLANG_WARN_SUSPICIOUS_MOVE = YES;
				CLANG_WARN_UNGUARDED_AVAILABILITY = YES_AGGRESSIVE;
				CLANG_WARN_UNREACHABLE_CODE = YES;
				CLANG_WARN__DUPLICATE_METHOD_MATCH = YES;
				COPY_PHASE_STRIP = NO;
				DEBUG_INFORMATION_FORMAT = "dwarf-with-dsym";
				ENABLE_NS_ASSERTIONS = NO;
				ENABLE_STRICT_OBJC_MSGSEND = YES;
				ENABLE_USER_SCRIPT_SANDBOXING = YES;
				GCC_C_LANGUAGE_STANDARD = gnu17;
				GCC_NO_COMMON_BLOCKS = YES;
				GCC_WARN_64_TO_32_BIT_CONVERSION = YES;
				GCC_WARN_ABOUT_RETURN_TYPE = YES_ERROR;
				GCC_WARN_UNDECLARED_SELECTOR = YES;
				GCC_WARN_UNINITIALIZED_AUTOS = YES_AGGRESSIVE;
				GCC_WARN_UNUSED_FUNCTION = YES;
				GCC_WARN_UNUSED_VARIABLE = YES;
				IPHONEOS_DEPLOYMENT_TARGET = 17.0;
				LOCALIZATION_PREFERS_STRING_CATALOGS = YES;
				MTL_ENABLE_DEBUG_INFO = NO;
				MTL_FAST_MATH = YES;
				SDKROOT = iphoneos;
				SWIFT_COMPILATION_MODE = wholemodule;
				VALIDATE_PRODUCT = YES;
			};
			name = Release;
		};
		54F737992B259703004A4975 /* Debug */ = {
			isa = XCBuildConfiguration;
			baseConfigurationReference = 472BF2ABAC465F0A40AB1A9B /* Pods-JobShift.debug.xcconfig */;
			buildSettings = {
				ASSETCATALOG_COMPILER_APPICON_NAME = AppIcon;
				ASSETCATALOG_COMPILER_GLOBAL_ACCENT_COLOR_NAME = AccentColor;
				CODE_SIGN_ENTITLEMENTS = JobShift/JobShift.entitlements;
				CODE_SIGN_IDENTITY = "Apple Development";
				CODE_SIGN_STYLE = Automatic;
				CURRENT_PROJECT_VERSION = 11;
				DEVELOPMENT_ASSET_PATHS = "\"JobShift/Preview Content\"";
				DEVELOPMENT_TEAM = 8KH9QD5V23;
				ENABLE_PREVIEWS = YES;
				ENABLE_USER_SCRIPT_SANDBOXING = NO;
				GENERATE_INFOPLIST_FILE = YES;
				INFOPLIST_FILE = JobShift/Info.plist;
				INFOPLIST_KEY_UIApplicationSceneManifest_Generation = YES;
				INFOPLIST_KEY_UIApplicationSupportsIndirectInputEvents = YES;
				INFOPLIST_KEY_UILaunchScreen_Generation = YES;
				INFOPLIST_KEY_UISupportedInterfaceOrientations_iPad = "UIInterfaceOrientationPortrait UIInterfaceOrientationPortraitUpsideDown UIInterfaceOrientationLandscapeLeft UIInterfaceOrientationLandscapeRight";
				INFOPLIST_KEY_UISupportedInterfaceOrientations_iPhone = UIInterfaceOrientationPortrait;
				LD_RUNPATH_SEARCH_PATHS = (
					"$(inherited)",
					"@executable_path/Frameworks",
				);
				MARKETING_VERSION = 1.1.7;
				PRODUCT_BUNDLE_IDENTIFIER = com.shin.JobShift;
				PRODUCT_NAME = "$(TARGET_NAME)";
				PROVISIONING_PROFILE_SPECIFIER = "";
				SWIFT_EMIT_LOC_STRINGS = YES;
				SWIFT_VERSION = 5.0;
				TARGETED_DEVICE_FAMILY = "1,2";
			};
			name = Debug;
		};
		54F7379A2B259703004A4975 /* Release */ = {
			isa = XCBuildConfiguration;
			baseConfigurationReference = 865D90C72E6BE4CE65C8E084 /* Pods-JobShift.release.xcconfig */;
			buildSettings = {
				ASSETCATALOG_COMPILER_APPICON_NAME = AppIcon;
				ASSETCATALOG_COMPILER_GLOBAL_ACCENT_COLOR_NAME = AccentColor;
				CODE_SIGN_ENTITLEMENTS = JobShift/JobShift.entitlements;
				CODE_SIGN_IDENTITY = "Apple Development";
				CODE_SIGN_STYLE = Automatic;
				CURRENT_PROJECT_VERSION = 11;
				DEVELOPMENT_ASSET_PATHS = "\"JobShift/Preview Content\"";
				DEVELOPMENT_TEAM = 8KH9QD5V23;
				ENABLE_PREVIEWS = YES;
				ENABLE_USER_SCRIPT_SANDBOXING = NO;
				GENERATE_INFOPLIST_FILE = YES;
				INFOPLIST_FILE = JobShift/Info.plist;
				INFOPLIST_KEY_UIApplicationSceneManifest_Generation = YES;
				INFOPLIST_KEY_UIApplicationSupportsIndirectInputEvents = YES;
				INFOPLIST_KEY_UILaunchScreen_Generation = YES;
				INFOPLIST_KEY_UISupportedInterfaceOrientations_iPad = "UIInterfaceOrientationPortrait UIInterfaceOrientationPortraitUpsideDown UIInterfaceOrientationLandscapeLeft UIInterfaceOrientationLandscapeRight";
				INFOPLIST_KEY_UISupportedInterfaceOrientations_iPhone = UIInterfaceOrientationPortrait;
				LD_RUNPATH_SEARCH_PATHS = (
					"$(inherited)",
					"@executable_path/Frameworks",
				);
				MARKETING_VERSION = 1.1.7;
				PRODUCT_BUNDLE_IDENTIFIER = com.shin.JobShift;
				PRODUCT_NAME = "$(TARGET_NAME)";
				PROVISIONING_PROFILE_SPECIFIER = "";
				SWIFT_EMIT_LOC_STRINGS = YES;
				SWIFT_VERSION = 5.0;
				TARGETED_DEVICE_FAMILY = "1,2";
			};
			name = Release;
		};
/* End XCBuildConfiguration section */

/* Begin XCConfigurationList section */
		54F737832B259701004A4975 /* Build configuration list for PBXProject "JobShift" */ = {
			isa = XCConfigurationList;
			buildConfigurations = (
				54F737962B259703004A4975 /* Debug */,
				54F737972B259703004A4975 /* Release */,
			);
			defaultConfigurationIsVisible = 0;
			defaultConfigurationName = Release;
		};
		54F737982B259703004A4975 /* Build configuration list for PBXNativeTarget "JobShift" */ = {
			isa = XCConfigurationList;
			buildConfigurations = (
				54F737992B259703004A4975 /* Debug */,
				54F7379A2B259703004A4975 /* Release */,
			);
			defaultConfigurationIsVisible = 0;
			defaultConfigurationName = Release;
		};
/* End XCConfigurationList section */

/* Begin XCRemoteSwiftPackageReference section */
		545A9CE22B7E06A40065487C /* XCRemoteSwiftPackageReference "rive-ios" */ = {
			isa = XCRemoteSwiftPackageReference;
			repositoryURL = "https://github.com/rive-app/rive-ios";
			requirement = {
				kind = upToNextMajorVersion;
				minimumVersion = 5.7.1;
			};
		};
		547EB5E42B32877800D9E2E8 /* XCRemoteSwiftPackageReference "swift-collections" */ = {
			isa = XCRemoteSwiftPackageReference;
			repositoryURL = "https://github.com/apple/swift-collections.git";
			requirement = {
				kind = upToNextMajorVersion;
				minimumVersion = 1.0.5;
			};
		};
		54B74E272B8A2B21005DA634 /* XCRemoteSwiftPackageReference "swiftui-cached-async-image" */ = {
			isa = XCRemoteSwiftPackageReference;
			repositoryURL = "https://github.com/lorenzofiamingo/swiftui-cached-async-image";
			requirement = {
				kind = upToNextMajorVersion;
				minimumVersion = 2.1.1;
			};
		};
		54FEEFF72B89DE16002A3BCC /* XCRemoteSwiftPackageReference "swift-algorithms" */ = {
			isa = XCRemoteSwiftPackageReference;
			repositoryURL = "https://github.com/apple/swift-algorithms.git";
			requirement = {
				kind = upToNextMajorVersion;
				minimumVersion = 1.2.0;
			};
		};
/* End XCRemoteSwiftPackageReference section */

/* Begin XCSwiftPackageProductDependency section */
		545A9CE32B7E06A40065487C /* RiveRuntime */ = {
			isa = XCSwiftPackageProductDependency;
			package = 545A9CE22B7E06A40065487C /* XCRemoteSwiftPackageReference "rive-ios" */;
			productName = RiveRuntime;
		};
		547EB5E52B32877800D9E2E8 /* Collections */ = {
			isa = XCSwiftPackageProductDependency;
			package = 547EB5E42B32877800D9E2E8 /* XCRemoteSwiftPackageReference "swift-collections" */;
			productName = Collections;
		};
		547EB5E72B32877800D9E2E8 /* DequeModule */ = {
			isa = XCSwiftPackageProductDependency;
			package = 547EB5E42B32877800D9E2E8 /* XCRemoteSwiftPackageReference "swift-collections" */;
			productName = DequeModule;
		};
		547EB5E92B32877800D9E2E8 /* OrderedCollections */ = {
			isa = XCSwiftPackageProductDependency;
			package = 547EB5E42B32877800D9E2E8 /* XCRemoteSwiftPackageReference "swift-collections" */;
			productName = OrderedCollections;
		};
		54B74E282B8A2B22005DA634 /* CachedAsyncImage */ = {
			isa = XCSwiftPackageProductDependency;
			package = 54B74E272B8A2B21005DA634 /* XCRemoteSwiftPackageReference "swiftui-cached-async-image" */;
			productName = CachedAsyncImage;
		};
		54FEEFF82B89DE16002A3BCC /* Algorithms */ = {
			isa = XCSwiftPackageProductDependency;
			package = 54FEEFF72B89DE16002A3BCC /* XCRemoteSwiftPackageReference "swift-algorithms" */;
			productName = Algorithms;
		};
/* End XCSwiftPackageProductDependency section */
	};
	rootObject = 54F737802B259701004A4975 /* Project object */;
}
